// !$*UTF8*$!
{
	archiveVersion = 1;
	classes = {
	};
	objectVersion = 77;
	objects = {

/* Begin PBXBuildFile section */
		058871DBB96429E35F9C8C9F /* ConversationView.swift in Sources */ = {isa = PBXBuildFile; fileRef = 153B4F2F19120EAF70238123 /* ConversationView.swift */; };
		0C0998CE1A432AEC62D96496 /* NotificationFlowTests.swift in Sources */ = {isa = PBXBuildFile; fileRef = EB9CBF5D67600758BC6F29C0 /* NotificationFlowTests.swift */; };
		0C663DB3711058970CAE7C5C /* ShellFlowTests.swift in Sources */ = {isa = PBXBuildFile; fileRef = 2BC76F24C9369A1E353300CC /* ShellFlowTests.swift */; };
		0CF5D421D7F018861F917B9B /* ComposerMentionsTests.swift in Sources */ = {isa = PBXBuildFile; fileRef = CD5B6A1D4A107B17DF5D6024 /* ComposerMentionsTests.swift */; };
		0F053915F622E9053573833C /* QuickActionsView.swift in Sources */ = {isa = PBXBuildFile; fileRef = 91B7EB6A13F7BCA1468CB34A /* QuickActionsView.swift */; };
		1481323389133B68B405152A /* QuickActionsSettingsView.swift in Sources */ = {isa = PBXBuildFile; fileRef = AA8FB485AA58430E56FA930B /* QuickActionsSettingsView.swift */; };
		173B5EBC1F273BBE9FEC3A05 /* LobeIcons-NOTICE.txt in Resources */ = {isa = PBXBuildFile; fileRef = 0925957059D9183FA75DA9B3 /* LobeIcons-NOTICE.txt */; };
		18C89BEED47818C8D2D66313 /* QuickActionTests.swift in Sources */ = {isa = PBXBuildFile; fileRef = 3C6B283619664F5DE71E5846 /* QuickActionTests.swift */; };
		1BEFB84941570740ADFF32B9 /* OneSignalFramework in Frameworks */ = {isa = PBXBuildFile; productRef = BFEB7B7C324D450819F3AE78 /* OneSignalFramework */; };
		1CCA51776DBD8F0CBB9189A3 /* MarkdownView in Frameworks */ = {isa = PBXBuildFile; productRef = B7C165BB564F9E423A35A604 /* MarkdownView */; };
		1F1BBE369FF36F6B450F5B9D /* ConversationChangesTests.swift in Sources */ = {isa = PBXBuildFile; fileRef = 52992274F3830D8D34FF1B15 /* ConversationChangesTests.swift */; };
		202F8979458138C533AD6081 /* ConversationLayoutTests.swift in Sources */ = {isa = PBXBuildFile; fileRef = 4C69CCB7DF6027B62311BCFF /* ConversationLayoutTests.swift */; };
		21F29D7A3DA782C60F7799AF /* DefaultModelsSettingsView.swift in Sources */ = {isa = PBXBuildFile; fileRef = DC3422F598DD3B617DBA6325 /* DefaultModelsSettingsView.swift */; };
		25AB604E4DE6F616E85E6091 /* MacComposer.swift in Sources */ = {isa = PBXBuildFile; fileRef = 13FEE5716C40E9FF35FA89E1 /* MacComposer.swift */; };
		28C497B37072FA5C18551D7B /* MacRootView.swift in Sources */ = {isa = PBXBuildFile; fileRef = 8904A812520B7926A82D2E9C /* MacRootView.swift */; };
		2C6A69AAD4625C9D8D4E1911 /* SignInFlowTests.swift in Sources */ = {isa = PBXBuildFile; fileRef = 52DC1DC09984FD2370EB47B3 /* SignInFlowTests.swift */; };
		2C8B6AFB55DE49EB7D01541F /* MacFlowTests.swift in Sources */ = {isa = PBXBuildFile; fileRef = CF193FF1218AED205CE64A1F /* MacFlowTests.swift */; };
		357BCBEC79197D443B735EE1 /* ConversationTabsView.swift in Sources */ = {isa = PBXBuildFile; fileRef = 374F20ECC60DB1DC17DDDDCA /* ConversationTabsView.swift */; };
		36485FE1F4CC82227DDB8FA7 /* DefaultModelsFlowTests.swift in Sources */ = {isa = PBXBuildFile; fileRef = 03711A34096C010D4362454C /* DefaultModelsFlowTests.swift */; };
		36A47666D86EC3CEA0817A81 /* UserMessageText.swift in Sources */ = {isa = PBXBuildFile; fileRef = CA46E2844598B0A50F9A983F /* UserMessageText.swift */; };
		374BB6DA235990ADAD39C728 /* AdaptiveLayoutFlowTests.swift in Sources */ = {isa = PBXBuildFile; fileRef = 49CC0A39128D845F09C71709 /* AdaptiveLayoutFlowTests.swift */; };
		3AE24C610D1992B80F5EDA3D /* LaunchScreen.storyboard in Resources */ = {isa = PBXBuildFile; fileRef = 689573159C8EC11124B112A6 /* LaunchScreen.storyboard */; };
		3BF139DE4510CCC4A72F4E9F /* OutgoingMessageTests.swift in Sources */ = {isa = PBXBuildFile; fileRef = 03A3AFC15816919A1B376129 /* OutgoingMessageTests.swift */; };
		401B74DA0A333A159C23A634 /* ConversationSubtasksView.swift in Sources */ = {isa = PBXBuildFile; fileRef = 0D6E7BB882700BCC2B3DCE1A /* ConversationSubtasksView.swift */; };
		417F01C3AEB7306AA1A3B7B8 /* WorkspacePickerView.swift in Sources */ = {isa = PBXBuildFile; fileRef = CA733CCE0B0B68BDDEA76262 /* WorkspacePickerView.swift */; };
		483CD1B003529A733EF0EF90 /* MacTranscript.swift in Sources */ = {isa = PBXBuildFile; fileRef = 16EAEBC0740C88B8C72A1815 /* MacTranscript.swift */; };
		4B101D516DBF7D560AA710F6 /* SignInView.swift in Sources */ = {isa = PBXBuildFile; fileRef = 91DECA865E619085D6495AE9 /* SignInView.swift */; };
		4B475F121BD9B075FDD05AC0 /* NewSessionView.swift in Sources */ = {isa = PBXBuildFile; fileRef = DD05638D968AB68EF4E23886 /* NewSessionView.swift */; };
		4BC6A977B0394B2E7A1B4433 /* ConversationErrorCard.swift in Sources */ = {isa = PBXBuildFile; fileRef = 2BD63464989FBE512F8C31CA /* ConversationErrorCard.swift */; };
		4BC901017C96539CB677175A /* UserMessageSelectionTests.swift in Sources */ = {isa = PBXBuildFile; fileRef = 39F52F4447A649EB64999DF6 /* UserMessageSelectionTests.swift */; };
		5F1BBE8C4F61E306AB58A0AA /* ComposerAttachments.swift in Sources */ = {isa = PBXBuildFile; fileRef = 3182FD9B993292936C8C71D4 /* ComposerAttachments.swift */; };
		617C98A6547E19F77D7D0F2B /* SessionMetadataTests.swift in Sources */ = {isa = PBXBuildFile; fileRef = E1CD7DD7EDC275A63B1AEEF3 /* SessionMetadataTests.swift */; };
		627728FFA2DE4AFE8EDA3C57 /* QuickActionsFlowTests.swift in Sources */ = {isa = PBXBuildFile; fileRef = B09603AA87686803FEDC7688 /* QuickActionsFlowTests.swift */; };
		6299D3085136B38D1063BABC /* MarkdownView in Frameworks */ = {isa = PBXBuildFile; productRef = E19E548C83F201B3073B5E62 /* MarkdownView */; };
		631BD465A3EDA0F542CB06CC /* SessionActions.swift in Sources */ = {isa = PBXBuildFile; fileRef = 2FCB49C75A6EF2BD30A3266F /* SessionActions.swift */; };
		6592ABD6897EAD594819960F /* AppearanceSettingsView.swift in Sources */ = {isa = PBXBuildFile; fileRef = D91ED1C545E043732B429EBB /* AppearanceSettingsView.swift */; };
		660F47FDE5A3FADAFAB499B6 /* ConversationImageView.swift in Sources */ = {isa = PBXBuildFile; fileRef = 38FAFEC4E8C04B28773FAECF /* ConversationImageView.swift */; };
		673F8B71CE773C8C6630F673 /* MacChangesInspector.swift in Sources */ = {isa = PBXBuildFile; fileRef = BB3F4B2B261B91E553899B40 /* MacChangesInspector.swift */; };
		67CAF1EE62C5732FD3B6C298 /* KurageCore in Frameworks */ = {isa = PBXBuildFile; productRef = E7A30DB5B2B67E8D52878A0E /* KurageCore */; };
		6B5C7FE014DC6816DB32C1A8 /* MacSidebar.swift in Sources */ = {isa = PBXBuildFile; fileRef = 2CF605F9EB59169CF466276F /* MacSidebar.swift */; };
		708ECDB724DED7644692177B /* MacNewSessionView.swift in Sources */ = {isa = PBXBuildFile; fileRef = 7046E5397DBE9D5493B91527 /* MacNewSessionView.swift */; };
		793B17AAF276C97C07FCB005 /* AccountAvatar.swift in Sources */ = {isa = PBXBuildFile; fileRef = 8A11144F5C5E5C7A21151CDA /* AccountAvatar.swift */; };
		7C3ED78FA7C1113A1D387EEA /* MentionText.swift in Sources */ = {isa = PBXBuildFile; fileRef = 850C0523A7D97A506897E2A8 /* MentionText.swift */; };
		7CCC09F69B91635E25AAE5D2 /* KurageCore in Frameworks */ = {isa = PBXBuildFile; productRef = 43AD549A06A80342E3AB181B /* KurageCore */; };
		7E484F8425F4B58EF5AF6FED /* KurageApp.swift in Sources */ = {isa = PBXBuildFile; fileRef = CF9509B93A448677F2BA6F70 /* KurageApp.swift */; };
		7FB5A3A2867FFA5EF3E091CD /* SessionProjectGroup.swift in Sources */ = {isa = PBXBuildFile; fileRef = DC9E5B359CECA0C2ACC65CD1 /* SessionProjectGroup.swift */; };
		835FC85AEDA614A2E7D93F9D /* SessionProjectGroupTests.swift in Sources */ = {isa = PBXBuildFile; fileRef = A2CE92C0D2844B7F50BA0BD3 /* SessionProjectGroupTests.swift */; };
		8E8DF62B9A143981ADD3ACD8 /* ComposerMentions.swift in Sources */ = {isa = PBXBuildFile; fileRef = A2B882E38674648C331B5848 /* ComposerMentions.swift */; };
		8FA661DFFB9493FD0C91BFF9 /* SettingsFlowTests.swift in Sources */ = {isa = PBXBuildFile; fileRef = 6CB25C24C6A1733672DA6505 /* SettingsFlowTests.swift */; };
		97C515198A462A0117955E45 /* ArchivedSessionsView.swift in Sources */ = {isa = PBXBuildFile; fileRef = B8C3BB4C1DDB7576249430C5 /* ArchivedSessionsView.swift */; };
		9B10551437F89D49FCE2B4C3 /* ConversationQuestionTests.swift in Sources */ = {isa = PBXBuildFile; fileRef = 7903B89A96C3E0A0D21D8C1F /* ConversationQuestionTests.swift */; };
		9D3BB548A4A81F2CD7C4809A /* KurageMacApp.swift in Sources */ = {isa = PBXBuildFile; fileRef = B537B41BB2B993AD761BF920 /* KurageMacApp.swift */; };
		9DAE8CC58A1F116D4BFFAA22 /* HapticsSettingsView.swift in Sources */ = {isa = PBXBuildFile; fileRef = 6A3D6B01348134D6D05CDDF0 /* HapticsSettingsView.swift */; };
		A623FD39CBAE3F01F7779351 /* SignInTests.swift in Sources */ = {isa = PBXBuildFile; fileRef = 6E02D0CEF5411E13D83E3B8D /* SignInTests.swift */; };
		A66F5D1B344E993BB6FC0C52 /* DefaultModelTests.swift in Sources */ = {isa = PBXBuildFile; fileRef = 03625FEDE5861882492083E7 /* DefaultModelTests.swift */; };
		A6D2FF46CA8CC8FAE03BF8CB /* ConversationChangesView.swift in Sources */ = {isa = PBXBuildFile; fileRef = 19D3BD86C616EDFBCCF15230 /* ConversationChangesView.swift */; };
		A80A9480D1243C24BE3C4FDC /* OneSignalExtension in Frameworks */ = {isa = PBXBuildFile; productRef = D2DA0C63F0F7F6BF7F81C192 /* OneSignalExtension */; };
		A8203BDA5DEAFC5678F28F1D /* ConversationErrorFlowTests.swift in Sources */ = {isa = PBXBuildFile; fileRef = BDD892265209B29FFAD608EE /* ConversationErrorFlowTests.swift */; };
		AAEDCFA3378D9106D39367BB /* NotificationTests.swift in Sources */ = {isa = PBXBuildFile; fileRef = FD856DF2F6F7F07A50E68563 /* NotificationTests.swift */; };
		AC5ED9D79BFC3193F858618E /* Assets.xcassets in Resources */ = {isa = PBXBuildFile; fileRef = 6998C6DDA1554E4E716FF9AF /* Assets.xcassets */; };
		AEB3BBDF3678B7A48630E01D /* SessionProjectPicker.swift in Sources */ = {isa = PBXBuildFile; fileRef = 9FBCDF436626D73BEB441EB3 /* SessionProjectPicker.swift */; };
		B09305C44671ACD0BB01FCD8 /* MacMessageEditor.swift in Sources */ = {isa = PBXBuildFile; fileRef = E9B1FBFFAAD48DE5E4820808 /* MacMessageEditor.swift */; };
		B25EADF2483C19E57FBFC439 /* FixtureLodyClientTests.swift in Sources */ = {isa = PBXBuildFile; fileRef = 2D2F85601FC5D5503AA74410 /* FixtureLodyClientTests.swift */; };
		B458BDCF9D6B337E6913B7CA /* ConversationQuestionCard.swift in Sources */ = {isa = PBXBuildFile; fileRef = A318FB6C86AA0B5E9D6FBD42 /* ConversationQuestionCard.swift */; };
		B7F8D8522DD150FD399C188E /* MacClientTests.swift in Sources */ = {isa = PBXBuildFile; fileRef = 80AD33EB498A68F470DC1612 /* MacClientTests.swift */; };
		B82AEEFC5C19DCFBDCEF6B38 /* ProjectBranchRow.swift in Sources */ = {isa = PBXBuildFile; fileRef = BE8A6A1BC9B69F735FEC452E /* ProjectBranchRow.swift */; };
		B8EF0CB65C4109EABFF87B55 /* ConversationErrorTests.swift in Sources */ = {isa = PBXBuildFile; fileRef = 63F0B36C6F7A4230CA54BACE /* ConversationErrorTests.swift */; };
		B9C9FCCE0B91ADC48E2A437F /* KurageCore in Frameworks */ = {isa = PBXBuildFile; productRef = 3BB9754F14C4D24EF339FFD1 /* KurageCore */; };
		C03092CC8B3720F717546291 /* SessionTabsFlowTests.swift in Sources */ = {isa = PBXBuildFile; fileRef = D5921136DCB54FC4A513BACA /* SessionTabsFlowTests.swift */; };
		C260EC8C0275502F582D4FE4 /* ConversationImageTests.swift in Sources */ = {isa = PBXBuildFile; fileRef = EDB0AD03CFF217B38FE83C21 /* ConversationImageTests.swift */; };
		C3F52055A2CDF24CF2E14E0D /* AppTheme.swift in Sources */ = {isa = PBXBuildFile; fileRef = 1C9B8587C8EDC7D324885094 /* AppTheme.swift */; };
		C614E10AF67B279394205AED /* SessionListView.swift in Sources */ = {isa = PBXBuildFile; fileRef = 8EA0677BCC7D60C5FAF950EF /* SessionListView.swift */; };
		CC3A5456BA66D60A2A00A65C /* SessionSearchTests.swift in Sources */ = {isa = PBXBuildFile; fileRef = 0CA1E91F9E885A098AEFBFF3 /* SessionSearchTests.swift */; };
		CF349598601956A92CD49E89 /* WorkspaceSelectionTests.swift in Sources */ = {isa = PBXBuildFile; fileRef = 05B3AD0203F2338F8D1BCBE9 /* WorkspaceSelectionTests.swift */; };
		DB44B23855E90D697C75452D /* OneSignalNotificationService.swift in Sources */ = {isa = PBXBuildFile; fileRef = 0E9B4AA6043B15D5E5D0A550 /* OneSignalNotificationService.swift */; };
		DD1B41F3673C97F1791C0435 /* ProjectGitTests.swift in Sources */ = {isa = PBXBuildFile; fileRef = 800F9A6F844A3CEEDC29A780 /* ProjectGitTests.swift */; };
		DF2F9613F4D0611C8AE09A04 /* NotificationService.swift in Sources */ = {isa = PBXBuildFile; fileRef = 223485F7EFD870EC6A23E934 /* NotificationService.swift */; };
		E2EC7F2BD24C350C5A4412FF /* MacWindowState.swift in Sources */ = {isa = PBXBuildFile; fileRef = 34873C9D668B106BABD9CABB /* MacWindowState.swift */; };
		E2FAA4C9BB027013F9DEE334 /* SessionComposer.swift in Sources */ = {isa = PBXBuildFile; fileRef = 9FD450BD8575DF0264928B18 /* SessionComposer.swift */; };
		E610F04E9116BF949CD86F67 /* RootView.swift in Sources */ = {isa = PBXBuildFile; fileRef = 1A83DD40C8A260803B91A452 /* RootView.swift */; };
		E76D66B895E55F36E4C4A198 /* LaunchCoverView.swift in Sources */ = {isa = PBXBuildFile; fileRef = DA1DD621756410C93F9CD01A /* LaunchCoverView.swift */; };
		E7C093957D9F6A9D50121318 /* AuthorizationBrowser.swift in Sources */ = {isa = PBXBuildFile; fileRef = 7BC7B1E59C8561D871225236 /* AuthorizationBrowser.swift */; };
		E81F37EC0E3AE0396F3579DD /* MacSessionView.swift in Sources */ = {isa = PBXBuildFile; fileRef = A086D5ABB6BB022F0EB8CFF8 /* MacSessionView.swift */; };
		E95CD1A7C5C0D6F6D0C799A4 /* HTTPLodyClientTests.swift in Sources */ = {isa = PBXBuildFile; fileRef = 5563DD49D0B4D7F368D4C9C3 /* HTTPLodyClientTests.swift */; };
		EA004FC38EE7E82876F98010 /* ConversationLayout.swift in Sources */ = {isa = PBXBuildFile; fileRef = B366CEB77792BB4C07117803 /* ConversationLayout.swift */; };
		EA65E2F70800ECD9D895826B /* SettingsView.swift in Sources */ = {isa = PBXBuildFile; fileRef = 1DA6BABACA4081EE53AECD44 /* SettingsView.swift */; };
		EEB077BDA49C01A6D1787B4A /* MacAttachmentSource.swift in Sources */ = {isa = PBXBuildFile; fileRef = 8F82AB1C2280647F9FCE2101 /* MacAttachmentSource.swift */; };
		F08B2A353936073585BC6820 /* AboutView.swift in Sources */ = {isa = PBXBuildFile; fileRef = 5506E74A6347C9820765D255 /* AboutView.swift */; };
		F147BA09F273F0B35A5CF7A5 /* SessionTabsTests.swift in Sources */ = {isa = PBXBuildFile; fileRef = B4648AABABDD563A6C22EA8E /* SessionTabsTests.swift */; };
		F2FB166F16323DB7B77E9C0B /* NotificationSettingsView.swift in Sources */ = {isa = PBXBuildFile; fileRef = 927BA75AC84F9725F9979AA7 /* NotificationSettingsView.swift */; };
		F3BEFC03EEC2AB6EA03DE952 /* KurageCore in Frameworks */ = {isa = PBXBuildFile; productRef = 6EB11377AAD7257A3B8722B1 /* KurageCore */; };
		F4ACC9CDCF95795681B3FE67 /* LobeIcons-LICENSE.txt in Resources */ = {isa = PBXBuildFile; fileRef = 0555765A2E81B3433F5BCC64 /* LobeIcons-LICENSE.txt */; };
		F81D7A6DB9AAE1BD5AB36AA4 /* KurageNotificationService.appex in Embed Foundation Extensions */ = {isa = PBXBuildFile; fileRef = B08F3E58B422A9F582E91893 /* KurageNotificationService.appex */; settings = {ATTRIBUTES = (RemoveHeadersOnCopy, ); }; };
		FC433B178BAFA0126DE1A0D0 /* ConversationWorkView.swift in Sources */ = {isa = PBXBuildFile; fileRef = C5CB97A44DA2248D3ED6C5C5 /* ConversationWorkView.swift */; };
/* End PBXBuildFile section */

/* Begin PBXContainerItemProxy section */
		1CFAF6DBC42B9D28C0009A85 /* PBXContainerItemProxy */ = {
			isa = PBXContainerItemProxy;
			containerPortal = DCA9EB984FDABC20A6A90413 /* Project object */;
			proxyType = 1;
			remoteGlobalIDString = 916545DECCA9CB31B4D2CD75;
			remoteInfo = Kurage;
		};
		2A6C3D6489191032EE0ED60A /* PBXContainerItemProxy */ = {
			isa = PBXContainerItemProxy;
			containerPortal = DCA9EB984FDABC20A6A90413 /* Project object */;
			proxyType = 1;
			remoteGlobalIDString = 3D7E7ACC9A8F2D169AE15003;
			remoteInfo = KurageMac;
		};
		5188644AAB4D2874E4279D1F /* PBXContainerItemProxy */ = {
			isa = PBXContainerItemProxy;
			containerPortal = DCA9EB984FDABC20A6A90413 /* Project object */;
			proxyType = 1;
			remoteGlobalIDString = 916545DECCA9CB31B4D2CD75;
			remoteInfo = Kurage;
		};
		92D1F1A0DA822156D16B3F80 /* PBXContainerItemProxy */ = {
			isa = PBXContainerItemProxy;
			containerPortal = DCA9EB984FDABC20A6A90413 /* Project object */;
			proxyType = 1;
			remoteGlobalIDString = EFFA4553B74A3CE6EBD70DAB;
			remoteInfo = KurageNotificationService;
		};
		ED1A20CE0FDCD9CD9A7E5172 /* PBXContainerItemProxy */ = {
			isa = PBXContainerItemProxy;
			containerPortal = DCA9EB984FDABC20A6A90413 /* Project object */;
			proxyType = 1;
			remoteGlobalIDString = 3D7E7ACC9A8F2D169AE15003;
			remoteInfo = KurageMac;
		};
/* End PBXContainerItemProxy section */

/* Begin PBXCopyFilesBuildPhase section */
		4D254102F1496F9A7D4CABA5 /* Embed Foundation Extensions */ = {
			isa = PBXCopyFilesBuildPhase;
			buildActionMask = 2147483647;
			dstPath = "";
			dstSubfolderSpec = 13;
			files = (
				F81D7A6DB9AAE1BD5AB36AA4 /* KurageNotificationService.appex in Embed Foundation Extensions */,
			);
			name = "Embed Foundation Extensions";
			runOnlyForDeploymentPostprocessing = 0;
		};
/* End PBXCopyFilesBuildPhase section */

/* Begin PBXFileReference section */
		03625FEDE5861882492083E7 /* DefaultModelTests.swift */ = {isa = PBXFileReference; lastKnownFileType = sourcecode.swift; path = DefaultModelTests.swift; sourceTree = "<group>"; };
		03711A34096C010D4362454C /* DefaultModelsFlowTests.swift */ = {isa = PBXFileReference; lastKnownFileType = sourcecode.swift; path = DefaultModelsFlowTests.swift; sourceTree = "<group>"; };
		03A3AFC15816919A1B376129 /* OutgoingMessageTests.swift */ = {isa = PBXFileReference; lastKnownFileType = sourcecode.swift; path = OutgoingMessageTests.swift; sourceTree = "<group>"; };
		0555765A2E81B3433F5BCC64 /* LobeIcons-LICENSE.txt */ = {isa = PBXFileReference; lastKnownFileType = text; path = "LobeIcons-LICENSE.txt"; sourceTree = "<group>"; };
		05B3AD0203F2338F8D1BCBE9 /* WorkspaceSelectionTests.swift */ = {isa = PBXFileReference; lastKnownFileType = sourcecode.swift; path = WorkspaceSelectionTests.swift; sourceTree = "<group>"; };
		0800A76BDB70BAF2ABCCADAA /* Info.plist */ = {isa = PBXFileReference; lastKnownFileType = text.plist; path = Info.plist; sourceTree = "<group>"; };
		0925957059D9183FA75DA9B3 /* LobeIcons-NOTICE.txt */ = {isa = PBXFileReference; lastKnownFileType = text; path = "LobeIcons-NOTICE.txt"; sourceTree = "<group>"; };
		0CA1E91F9E885A098AEFBFF3 /* SessionSearchTests.swift */ = {isa = PBXFileReference; lastKnownFileType = sourcecode.swift; path = SessionSearchTests.swift; sourceTree = "<group>"; };
		0D6E7BB882700BCC2B3DCE1A /* ConversationSubtasksView.swift */ = {isa = PBXFileReference; lastKnownFileType = sourcecode.swift; path = ConversationSubtasksView.swift; sourceTree = "<group>"; };
		0E9B4AA6043B15D5E5D0A550 /* OneSignalNotificationService.swift */ = {isa = PBXFileReference; lastKnownFileType = sourcecode.swift; path = OneSignalNotificationService.swift; sourceTree = "<group>"; };
		13163448B260A5400F15E8E6 /* KurageMac.entitlements */ = {isa = PBXFileReference; lastKnownFileType = text.plist.entitlements; path = KurageMac.entitlements; sourceTree = "<group>"; };
		13841D61CD6149463D65E5AD /* KurageMacUITests.xctest */ = {isa = PBXFileReference; explicitFileType = wrapper.cfbundle; includeInIndex = 0; path = KurageMacUITests.xctest; sourceTree = BUILT_PRODUCTS_DIR; };
		13FEE5716C40E9FF35FA89E1 /* MacComposer.swift */ = {isa = PBXFileReference; lastKnownFileType = sourcecode.swift; path = MacComposer.swift; sourceTree = "<group>"; };
		153B4F2F19120EAF70238123 /* ConversationView.swift */ = {isa = PBXFileReference; lastKnownFileType = sourcecode.swift; path = ConversationView.swift; sourceTree = "<group>"; };
		16EAEBC0740C88B8C72A1815 /* MacTranscript.swift */ = {isa = PBXFileReference; lastKnownFileType = sourcecode.swift; path = MacTranscript.swift; sourceTree = "<group>"; };
		19D3BD86C616EDFBCCF15230 /* ConversationChangesView.swift */ = {isa = PBXFileReference; lastKnownFileType = sourcecode.swift; path = ConversationChangesView.swift; sourceTree = "<group>"; };
		1A83DD40C8A260803B91A452 /* RootView.swift */ = {isa = PBXFileReference; lastKnownFileType = sourcecode.swift; path = RootView.swift; sourceTree = "<group>"; };
		1C9B8587C8EDC7D324885094 /* AppTheme.swift */ = {isa = PBXFileReference; lastKnownFileType = sourcecode.swift; path = AppTheme.swift; sourceTree = "<group>"; };
		1DA6BABACA4081EE53AECD44 /* SettingsView.swift */ = {isa = PBXFileReference; lastKnownFileType = sourcecode.swift; path = SettingsView.swift; sourceTree = "<group>"; };
		223485F7EFD870EC6A23E934 /* NotificationService.swift */ = {isa = PBXFileReference; lastKnownFileType = sourcecode.swift; path = NotificationService.swift; sourceTree = "<group>"; };
		2BC76F24C9369A1E353300CC /* ShellFlowTests.swift */ = {isa = PBXFileReference; lastKnownFileType = sourcecode.swift; path = ShellFlowTests.swift; sourceTree = "<group>"; };
		2BD63464989FBE512F8C31CA /* ConversationErrorCard.swift */ = {isa = PBXFileReference; lastKnownFileType = sourcecode.swift; path = ConversationErrorCard.swift; sourceTree = "<group>"; };
		2CF605F9EB59169CF466276F /* MacSidebar.swift */ = {isa = PBXFileReference; lastKnownFileType = sourcecode.swift; path = MacSidebar.swift; sourceTree = "<group>"; };
		2D2F85601FC5D5503AA74410 /* FixtureLodyClientTests.swift */ = {isa = PBXFileReference; lastKnownFileType = sourcecode.swift; path = FixtureLodyClientTests.swift; sourceTree = "<group>"; };
		2FCB49C75A6EF2BD30A3266F /* SessionActions.swift */ = {isa = PBXFileReference; lastKnownFileType = sourcecode.swift; path = SessionActions.swift; sourceTree = "<group>"; };
		3182FD9B993292936C8C71D4 /* ComposerAttachments.swift */ = {isa = PBXFileReference; lastKnownFileType = sourcecode.swift; path = ComposerAttachments.swift; sourceTree = "<group>"; };
		34873C9D668B106BABD9CABB /* MacWindowState.swift */ = {isa = PBXFileReference; lastKnownFileType = sourcecode.swift; path = MacWindowState.swift; sourceTree = "<group>"; };
		374F20ECC60DB1DC17DDDDCA /* ConversationTabsView.swift */ = {isa = PBXFileReference; lastKnownFileType = sourcecode.swift; path = ConversationTabsView.swift; sourceTree = "<group>"; };
		38FAFEC4E8C04B28773FAECF /* ConversationImageView.swift */ = {isa = PBXFileReference; lastKnownFileType = sourcecode.swift; path = ConversationImageView.swift; sourceTree = "<group>"; };
		39F52F4447A649EB64999DF6 /* UserMessageSelectionTests.swift */ = {isa = PBXFileReference; lastKnownFileType = sourcecode.swift; path = UserMessageSelectionTests.swift; sourceTree = "<group>"; };
		3C6B283619664F5DE71E5846 /* QuickActionTests.swift */ = {isa = PBXFileReference; lastKnownFileType = sourcecode.swift; path = QuickActionTests.swift; sourceTree = "<group>"; };
		49CC0A39128D845F09C71709 /* AdaptiveLayoutFlowTests.swift */ = {isa = PBXFileReference; lastKnownFileType = sourcecode.swift; path = AdaptiveLayoutFlowTests.swift; sourceTree = "<group>"; };
		4C69CCB7DF6027B62311BCFF /* ConversationLayoutTests.swift */ = {isa = PBXFileReference; lastKnownFileType = sourcecode.swift; path = ConversationLayoutTests.swift; sourceTree = "<group>"; };
		52992274F3830D8D34FF1B15 /* ConversationChangesTests.swift */ = {isa = PBXFileReference; lastKnownFileType = sourcecode.swift; path = ConversationChangesTests.swift; sourceTree = "<group>"; };
		52DC1DC09984FD2370EB47B3 /* SignInFlowTests.swift */ = {isa = PBXFileReference; lastKnownFileType = sourcecode.swift; path = SignInFlowTests.swift; sourceTree = "<group>"; };
		5506E74A6347C9820765D255 /* AboutView.swift */ = {isa = PBXFileReference; lastKnownFileType = sourcecode.swift; path = AboutView.swift; sourceTree = "<group>"; };
		5563DD49D0B4D7F368D4C9C3 /* HTTPLodyClientTests.swift */ = {isa = PBXFileReference; lastKnownFileType = sourcecode.swift; path = HTTPLodyClientTests.swift; sourceTree = "<group>"; };
		627DD1B873AFC4E366BF4CAF /* KurageUITests.xctest */ = {isa = PBXFileReference; includeInIndex = 0; lastKnownFileType = wrapper.cfbundle; path = KurageUITests.xctest; sourceTree = BUILT_PRODUCTS_DIR; };
		63F0B36C6F7A4230CA54BACE /* ConversationErrorTests.swift */ = {isa = PBXFileReference; lastKnownFileType = sourcecode.swift; path = ConversationErrorTests.swift; sourceTree = "<group>"; };
		689573159C8EC11124B112A6 /* LaunchScreen.storyboard */ = {isa = PBXFileReference; lastKnownFileType = file.storyboard; path = LaunchScreen.storyboard; sourceTree = "<group>"; };
		6998C6DDA1554E4E716FF9AF /* Assets.xcassets */ = {isa = PBXFileReference; lastKnownFileType = folder.assetcatalog; path = Assets.xcassets; sourceTree = "<group>"; };
		6A3D6B01348134D6D05CDDF0 /* HapticsSettingsView.swift */ = {isa = PBXFileReference; lastKnownFileType = sourcecode.swift; path = HapticsSettingsView.swift; sourceTree = "<group>"; };
		6CB25C24C6A1733672DA6505 /* SettingsFlowTests.swift */ = {isa = PBXFileReference; lastKnownFileType = sourcecode.swift; path = SettingsFlowTests.swift; sourceTree = "<group>"; };
		6E02D0CEF5411E13D83E3B8D /* SignInTests.swift */ = {isa = PBXFileReference; lastKnownFileType = sourcecode.swift; path = SignInTests.swift; sourceTree = "<group>"; };
		7046E5397DBE9D5493B91527 /* MacNewSessionView.swift */ = {isa = PBXFileReference; lastKnownFileType = sourcecode.swift; path = MacNewSessionView.swift; sourceTree = "<group>"; };
		7903B89A96C3E0A0D21D8C1F /* ConversationQuestionTests.swift */ = {isa = PBXFileReference; lastKnownFileType = sourcecode.swift; path = ConversationQuestionTests.swift; sourceTree = "<group>"; };
		7BC7B1E59C8561D871225236 /* AuthorizationBrowser.swift */ = {isa = PBXFileReference; lastKnownFileType = sourcecode.swift; path = AuthorizationBrowser.swift; sourceTree = "<group>"; };
		800F9A6F844A3CEEDC29A780 /* ProjectGitTests.swift */ = {isa = PBXFileReference; lastKnownFileType = sourcecode.swift; path = ProjectGitTests.swift; sourceTree = "<group>"; };
		80AD33EB498A68F470DC1612 /* MacClientTests.swift */ = {isa = PBXFileReference; lastKnownFileType = sourcecode.swift; path = MacClientTests.swift; sourceTree = "<group>"; };
		850C0523A7D97A506897E2A8 /* MentionText.swift */ = {isa = PBXFileReference; lastKnownFileType = sourcecode.swift; path = MentionText.swift; sourceTree = "<group>"; };
		8904A812520B7926A82D2E9C /* MacRootView.swift */ = {isa = PBXFileReference; lastKnownFileType = sourcecode.swift; path = MacRootView.swift; sourceTree = "<group>"; };
		8A11144F5C5E5C7A21151CDA /* AccountAvatar.swift */ = {isa = PBXFileReference; lastKnownFileType = sourcecode.swift; path = AccountAvatar.swift; sourceTree = "<group>"; };
		8EA0677BCC7D60C5FAF950EF /* SessionListView.swift */ = {isa = PBXFileReference; lastKnownFileType = sourcecode.swift; path = SessionListView.swift; sourceTree = "<group>"; };
		8F82AB1C2280647F9FCE2101 /* MacAttachmentSource.swift */ = {isa = PBXFileReference; lastKnownFileType = sourcecode.swift; path = MacAttachmentSource.swift; sourceTree = "<group>"; };
		91B7EB6A13F7BCA1468CB34A /* QuickActionsView.swift */ = {isa = PBXFileReference; lastKnownFileType = sourcecode.swift; path = QuickActionsView.swift; sourceTree = "<group>"; };
		91DECA865E619085D6495AE9 /* SignInView.swift */ = {isa = PBXFileReference; lastKnownFileType = sourcecode.swift; path = SignInView.swift; sourceTree = "<group>"; };
		927BA75AC84F9725F9979AA7 /* NotificationSettingsView.swift */ = {isa = PBXFileReference; lastKnownFileType = sourcecode.swift; path = NotificationSettingsView.swift; sourceTree = "<group>"; };
		93BF8A2B9CDAF0A04888EDF1 /* Info.plist */ = {isa = PBXFileReference; lastKnownFileType = text.plist; path = Info.plist; sourceTree = "<group>"; };
		9A6A498740A4668444E70992 /* KurageMacTests.xctest */ = {isa = PBXFileReference; explicitFileType = wrapper.cfbundle; includeInIndex = 0; path = KurageMacTests.xctest; sourceTree = BUILT_PRODUCTS_DIR; };
		9FBCDF436626D73BEB441EB3 /* SessionProjectPicker.swift */ = {isa = PBXFileReference; lastKnownFileType = sourcecode.swift; path = SessionProjectPicker.swift; sourceTree = "<group>"; };
		9FD450BD8575DF0264928B18 /* SessionComposer.swift */ = {isa = PBXFileReference; lastKnownFileType = sourcecode.swift; path = SessionComposer.swift; sourceTree = "<group>"; };
		A086D5ABB6BB022F0EB8CFF8 /* MacSessionView.swift */ = {isa = PBXFileReference; lastKnownFileType = sourcecode.swift; path = MacSessionView.swift; sourceTree = "<group>"; };
		A2B882E38674648C331B5848 /* ComposerMentions.swift */ = {isa = PBXFileReference; lastKnownFileType = sourcecode.swift; path = ComposerMentions.swift; sourceTree = "<group>"; };
		A2CE92C0D2844B7F50BA0BD3 /* SessionProjectGroupTests.swift */ = {isa = PBXFileReference; lastKnownFileType = sourcecode.swift; path = SessionProjectGroupTests.swift; sourceTree = "<group>"; };
		A318FB6C86AA0B5E9D6FBD42 /* ConversationQuestionCard.swift */ = {isa = PBXFileReference; lastKnownFileType = sourcecode.swift; path = ConversationQuestionCard.swift; sourceTree = "<group>"; };
		AA8FB485AA58430E56FA930B /* QuickActionsSettingsView.swift */ = {isa = PBXFileReference; lastKnownFileType = sourcecode.swift; path = QuickActionsSettingsView.swift; sourceTree = "<group>"; };
		B08F3E58B422A9F582E91893 /* KurageNotificationService.appex */ = {isa = PBXFileReference; includeInIndex = 0; lastKnownFileType = "wrapper.app-extension"; path = KurageNotificationService.appex; sourceTree = BUILT_PRODUCTS_DIR; };
		B09603AA87686803FEDC7688 /* QuickActionsFlowTests.swift */ = {isa = PBXFileReference; lastKnownFileType = sourcecode.swift; path = QuickActionsFlowTests.swift; sourceTree = "<group>"; };
		B2B912BC7E896A7425EDF22F /* Kurage.entitlements */ = {isa = PBXFileReference; lastKnownFileType = text.plist.entitlements; path = Kurage.entitlements; sourceTree = "<group>"; };
		B366CEB77792BB4C07117803 /* ConversationLayout.swift */ = {isa = PBXFileReference; lastKnownFileType = sourcecode.swift; path = ConversationLayout.swift; sourceTree = "<group>"; };
		B4648AABABDD563A6C22EA8E /* SessionTabsTests.swift */ = {isa = PBXFileReference; lastKnownFileType = sourcecode.swift; path = SessionTabsTests.swift; sourceTree = "<group>"; };
		B537B41BB2B993AD761BF920 /* KurageMacApp.swift */ = {isa = PBXFileReference; lastKnownFileType = sourcecode.swift; path = KurageMacApp.swift; sourceTree = "<group>"; };
		B8C3BB4C1DDB7576249430C5 /* ArchivedSessionsView.swift */ = {isa = PBXFileReference; lastKnownFileType = sourcecode.swift; path = ArchivedSessionsView.swift; sourceTree = "<group>"; };
		BB3F4B2B261B91E553899B40 /* MacChangesInspector.swift */ = {isa = PBXFileReference; lastKnownFileType = sourcecode.swift; path = MacChangesInspector.swift; sourceTree = "<group>"; };
		BDD892265209B29FFAD608EE /* ConversationErrorFlowTests.swift */ = {isa = PBXFileReference; lastKnownFileType = sourcecode.swift; path = ConversationErrorFlowTests.swift; sourceTree = "<group>"; };
		BE8A6A1BC9B69F735FEC452E /* ProjectBranchRow.swift */ = {isa = PBXFileReference; lastKnownFileType = sourcecode.swift; path = ProjectBranchRow.swift; sourceTree = "<group>"; };
		C5CB97A44DA2248D3ED6C5C5 /* ConversationWorkView.swift */ = {isa = PBXFileReference; lastKnownFileType = sourcecode.swift; path = ConversationWorkView.swift; sourceTree = "<group>"; };
		CA46E2844598B0A50F9A983F /* UserMessageText.swift */ = {isa = PBXFileReference; lastKnownFileType = sourcecode.swift; path = UserMessageText.swift; sourceTree = "<group>"; };
		CA733CCE0B0B68BDDEA76262 /* WorkspacePickerView.swift */ = {isa = PBXFileReference; lastKnownFileType = sourcecode.swift; path = WorkspacePickerView.swift; sourceTree = "<group>"; };
		CD5B6A1D4A107B17DF5D6024 /* ComposerMentionsTests.swift */ = {isa = PBXFileReference; lastKnownFileType = sourcecode.swift; path = ComposerMentionsTests.swift; sourceTree = "<group>"; };
		CF193FF1218AED205CE64A1F /* MacFlowTests.swift */ = {isa = PBXFileReference; lastKnownFileType = sourcecode.swift; path = MacFlowTests.swift; sourceTree = "<group>"; };
		CF9509B93A448677F2BA6F70 /* KurageApp.swift */ = {isa = PBXFileReference; lastKnownFileType = sourcecode.swift; path = KurageApp.swift; sourceTree = "<group>"; };
		D5921136DCB54FC4A513BACA /* SessionTabsFlowTests.swift */ = {isa = PBXFileReference; lastKnownFileType = sourcecode.swift; path = SessionTabsFlowTests.swift; sourceTree = "<group>"; };
		D8AB4457E0D00261BF02F78D /* Kurage.app */ = {isa = PBXFileReference; includeInIndex = 0; lastKnownFileType = wrapper.application; path = Kurage.app; sourceTree = BUILT_PRODUCTS_DIR; };
		D91ED1C545E043732B429EBB /* AppearanceSettingsView.swift */ = {isa = PBXFileReference; lastKnownFileType = sourcecode.swift; path = AppearanceSettingsView.swift; sourceTree = "<group>"; };
		DA1DD621756410C93F9CD01A /* LaunchCoverView.swift */ = {isa = PBXFileReference; lastKnownFileType = sourcecode.swift; path = LaunchCoverView.swift; sourceTree = "<group>"; };
		DAFB3870DD22B7FB124A480F /* KurageMac.app */ = {isa = PBXFileReference; explicitFileType = wrapper.application; includeInIndex = 0; path = KurageMac.app; sourceTree = BUILT_PRODUCTS_DIR; };
		DC3422F598DD3B617DBA6325 /* DefaultModelsSettingsView.swift */ = {isa = PBXFileReference; lastKnownFileType = sourcecode.swift; path = DefaultModelsSettingsView.swift; sourceTree = "<group>"; };
		DC9E5B359CECA0C2ACC65CD1 /* SessionProjectGroup.swift */ = {isa = PBXFileReference; lastKnownFileType = sourcecode.swift; path = SessionProjectGroup.swift; sourceTree = "<group>"; };
		DD05638D968AB68EF4E23886 /* NewSessionView.swift */ = {isa = PBXFileReference; lastKnownFileType = sourcecode.swift; path = NewSessionView.swift; sourceTree = "<group>"; };
		E1CD7DD7EDC275A63B1AEEF3 /* SessionMetadataTests.swift */ = {isa = PBXFileReference; lastKnownFileType = sourcecode.swift; path = SessionMetadataTests.swift; sourceTree = "<group>"; };
		E9B1FBFFAAD48DE5E4820808 /* MacMessageEditor.swift */ = {isa = PBXFileReference; lastKnownFileType = sourcecode.swift; path = MacMessageEditor.swift; sourceTree = "<group>"; };
		EB9CBF5D67600758BC6F29C0 /* NotificationFlowTests.swift */ = {isa = PBXFileReference; lastKnownFileType = sourcecode.swift; path = NotificationFlowTests.swift; sourceTree = "<group>"; };
		EDB0AD03CFF217B38FE83C21 /* ConversationImageTests.swift */ = {isa = PBXFileReference; lastKnownFileType = sourcecode.swift; path = ConversationImageTests.swift; sourceTree = "<group>"; };
		F29673DBA060CA471CBB7B12 /* KurageTests.xctest */ = {isa = PBXFileReference; includeInIndex = 0; lastKnownFileType = wrapper.cfbundle; path = KurageTests.xctest; sourceTree = BUILT_PRODUCTS_DIR; };
		FD856DF2F6F7F07A50E68563 /* NotificationTests.swift */ = {isa = PBXFileReference; lastKnownFileType = sourcecode.swift; path = NotificationTests.swift; sourceTree = "<group>"; };
		FFCA95BCD2A846422AF8CC80 /* KurageCore */ = {isa = PBXFileReference; lastKnownFileType = folder; name = KurageCore; path = Packages/KurageCore; sourceTree = SOURCE_ROOT; };
/* End PBXFileReference section */

/* Begin PBXFrameworksBuildPhase section */
		1096DEE528A2B2EA2E6576B6 /* Frameworks */ = {
			isa = PBXFrameworksBuildPhase;
			buildActionMask = 2147483647;
			files = (
				67CAF1EE62C5732FD3B6C298 /* KurageCore in Frameworks */,
				6299D3085136B38D1063BABC /* MarkdownView in Frameworks */,
				1BEFB84941570740ADFF32B9 /* OneSignalFramework in Frameworks */,
			);
			runOnlyForDeploymentPostprocessing = 0;
		};
		8558F7133405A5D27B60364D /* Frameworks */ = {
			isa = PBXFrameworksBuildPhase;
			buildActionMask = 2147483647;
			files = (
				F3BEFC03EEC2AB6EA03DE952 /* KurageCore in Frameworks */,
			);
			runOnlyForDeploymentPostprocessing = 0;
		};
		D7A895C464F0A3F2D7E864FC /* Frameworks */ = {
			isa = PBXFrameworksBuildPhase;
			buildActionMask = 2147483647;
			files = (
				A80A9480D1243C24BE3C4FDC /* OneSignalExtension in Frameworks */,
			);
			runOnlyForDeploymentPostprocessing = 0;
		};
		EC56681FB6BF9079D2A25228 /* Frameworks */ = {
			isa = PBXFrameworksBuildPhase;
			buildActionMask = 2147483647;
			files = (
				7CCC09F69B91635E25AAE5D2 /* KurageCore in Frameworks */,
			);
			runOnlyForDeploymentPostprocessing = 0;
		};
		FE1F8B4F3DD65B2B6FE89846 /* Frameworks */ = {
			isa = PBXFrameworksBuildPhase;
			buildActionMask = 2147483647;
			files = (
				B9C9FCCE0B91ADC48E2A437F /* KurageCore in Frameworks */,
				1CCA51776DBD8F0CBB9189A3 /* MarkdownView in Frameworks */,
			);
			runOnlyForDeploymentPostprocessing = 0;
		};
/* End PBXFrameworksBuildPhase section */

/* Begin PBXGroup section */
		17C2C17D269499AF4A93B2C3 /* Conversation */ = {
			isa = PBXGroup;
			children = (
				3182FD9B993292936C8C71D4 /* ComposerAttachments.swift */,
				A2B882E38674648C331B5848 /* ComposerMentions.swift */,
				19D3BD86C616EDFBCCF15230 /* ConversationChangesView.swift */,
				2BD63464989FBE512F8C31CA /* ConversationErrorCard.swift */,
				38FAFEC4E8C04B28773FAECF /* ConversationImageView.swift */,
				B366CEB77792BB4C07117803 /* ConversationLayout.swift */,
				A318FB6C86AA0B5E9D6FBD42 /* ConversationQuestionCard.swift */,
				0D6E7BB882700BCC2B3DCE1A /* ConversationSubtasksView.swift */,
				374F20ECC60DB1DC17DDDDCA /* ConversationTabsView.swift */,
				153B4F2F19120EAF70238123 /* ConversationView.swift */,
				C5CB97A44DA2248D3ED6C5C5 /* ConversationWorkView.swift */,
				850C0523A7D97A506897E2A8 /* MentionText.swift */,
				91B7EB6A13F7BCA1468CB34A /* QuickActionsView.swift */,
				9FD450BD8575DF0264928B18 /* SessionComposer.swift */,
				CA46E2844598B0A50F9A983F /* UserMessageText.swift */,
			);
			path = Conversation;
			sourceTree = "<group>";
		};
		1950DEAE703DD1786CADF75B /* Products */ = {
			isa = PBXGroup;
			children = (
				D8AB4457E0D00261BF02F78D /* Kurage.app */,
				DAFB3870DD22B7FB124A480F /* KurageMac.app */,
				9A6A498740A4668444E70992 /* KurageMacTests.xctest */,
				13841D61CD6149463D65E5AD /* KurageMacUITests.xctest */,
				B08F3E58B422A9F582E91893 /* KurageNotificationService.appex */,
				F29673DBA060CA471CBB7B12 /* KurageTests.xctest */,
				627DD1B873AFC4E366BF4CAF /* KurageUITests.xctest */,
			);
			name = Products;
			sourceTree = "<group>";
		};
		1F694F2C65A87B77E8DDDBC7 /* SignIn */ = {
			isa = PBXGroup;
			children = (
				7BC7B1E59C8561D871225236 /* AuthorizationBrowser.swift */,
				91DECA865E619085D6495AE9 /* SignInView.swift */,
			);
			path = SignIn;
			sourceTree = "<group>";
		};
		2C5ED2D99FCF591AF90C1D1B /* Packages */ = {
			isa = PBXGroup;
			children = (
				FFCA95BCD2A846422AF8CC80 /* KurageCore */,
			);
			path = Packages;
			sourceTree = "<group>";
		};
		33DDC15280666DDA3A90F842 /* Sessions */ = {
			isa = PBXGroup;
			children = (
				B8C3BB4C1DDB7576249430C5 /* ArchivedSessionsView.swift */,
				DD05638D968AB68EF4E23886 /* NewSessionView.swift */,
				BE8A6A1BC9B69F735FEC452E /* ProjectBranchRow.swift */,
				2FCB49C75A6EF2BD30A3266F /* SessionActions.swift */,
				8EA0677BCC7D60C5FAF950EF /* SessionListView.swift */,
				DC9E5B359CECA0C2ACC65CD1 /* SessionProjectGroup.swift */,
				9FBCDF436626D73BEB441EB3 /* SessionProjectPicker.swift */,
			);
			path = Sessions;
			sourceTree = "<group>";
		};
		4066EC103822F26E6ECD3E47 /* App */ = {
			isa = PBXGroup;
			children = (
				8A11144F5C5E5C7A21151CDA /* AccountAvatar.swift */,
				1C9B8587C8EDC7D324885094 /* AppTheme.swift */,
				DA1DD621756410C93F9CD01A /* LaunchCoverView.swift */,
				1A83DD40C8A260803B91A452 /* RootView.swift */,
			);
			path = App;
			sourceTree = "<group>";
		};
		587BF2E19CD1BC1127CAD945 /* KurageApp */ = {
			isa = PBXGroup;
			children = (
				4066EC103822F26E6ECD3E47 /* App */,
				A2CC7796F76FBB2AF738BD85 /* Client */,
				FD3F733F77DE39EA9D21F9F1 /* Features */,
				614E6E518E014794F9BC96D0 /* Resources */,
				93BF8A2B9CDAF0A04888EDF1 /* Info.plist */,
				B2B912BC7E896A7425EDF22F /* Kurage.entitlements */,
				CF9509B93A448677F2BA6F70 /* KurageApp.swift */,
			);
			path = KurageApp;
			sourceTree = "<group>";
		};
		5C18549EB55CAAA3B9519365 /* KurageMacUITests */ = {
			isa = PBXGroup;
			children = (
				CF193FF1218AED205CE64A1F /* MacFlowTests.swift */,
			);
			path = KurageMacUITests;
			sourceTree = "<group>";
		};
		6121B0AF0F4936A61C97F255 /* Settings */ = {
			isa = PBXGroup;
			children = (
				5506E74A6347C9820765D255 /* AboutView.swift */,
				D91ED1C545E043732B429EBB /* AppearanceSettingsView.swift */,
				DC3422F598DD3B617DBA6325 /* DefaultModelsSettingsView.swift */,
				6A3D6B01348134D6D05CDDF0 /* HapticsSettingsView.swift */,
				927BA75AC84F9725F9979AA7 /* NotificationSettingsView.swift */,
				AA8FB485AA58430E56FA930B /* QuickActionsSettingsView.swift */,
				1DA6BABACA4081EE53AECD44 /* SettingsView.swift */,
				CA733CCE0B0B68BDDEA76262 /* WorkspacePickerView.swift */,
			);
			path = Settings;
			sourceTree = "<group>";
		};
		614E6E518E014794F9BC96D0 /* Resources */ = {
			isa = PBXGroup;
			children = (
				6998C6DDA1554E4E716FF9AF /* Assets.xcassets */,
				689573159C8EC11124B112A6 /* LaunchScreen.storyboard */,
				0555765A2E81B3433F5BCC64 /* LobeIcons-LICENSE.txt */,
				0925957059D9183FA75DA9B3 /* LobeIcons-NOTICE.txt */,
			);
			path = Resources;
			sourceTree = "<group>";
		};
		76D81568C25B69EFE26D8E9A = {
			isa = PBXGroup;
			children = (
				587BF2E19CD1BC1127CAD945 /* KurageApp */,
				F9666E1C2BBA137412BDE621 /* KurageMac */,
				A4B9C952425EB18D86D45405 /* KurageMacTests */,
				5C18549EB55CAAA3B9519365 /* KurageMacUITests */,
				917A9E91704C71ECB831B64D /* KurageNotificationService */,
				B749D250F7F3622E43370F96 /* KurageTests */,
				E987D242A0CEF1167D8F9DEE /* KurageUITests */,
				2C5ED2D99FCF591AF90C1D1B /* Packages */,
				1950DEAE703DD1786CADF75B /* Products */,
			);
			sourceTree = "<group>";
		};
		89EEBBA749C620395F586DAC /* App */ = {
			isa = PBXGroup;
			children = (
				B537B41BB2B993AD761BF920 /* KurageMacApp.swift */,
			);
			path = App;
			sourceTree = "<group>";
		};
		917A9E91704C71ECB831B64D /* KurageNotificationService */ = {
			isa = PBXGroup;
			children = (
				0800A76BDB70BAF2ABCCADAA /* Info.plist */,
				223485F7EFD870EC6A23E934 /* NotificationService.swift */,
			);
			path = KurageNotificationService;
			sourceTree = "<group>";
		};
		A2CC7796F76FBB2AF738BD85 /* Client */ = {
			isa = PBXGroup;
			children = (
				0E9B4AA6043B15D5E5D0A550 /* OneSignalNotificationService.swift */,
			);
			path = Client;
			sourceTree = "<group>";
		};
		A4B9C952425EB18D86D45405 /* KurageMacTests */ = {
			isa = PBXGroup;
			children = (
				80AD33EB498A68F470DC1612 /* MacClientTests.swift */,
			);
			path = KurageMacTests;
			sourceTree = "<group>";
		};
		B749D250F7F3622E43370F96 /* KurageTests */ = {
			isa = PBXGroup;
			children = (
				CD5B6A1D4A107B17DF5D6024 /* ComposerMentionsTests.swift */,
				52992274F3830D8D34FF1B15 /* ConversationChangesTests.swift */,
				63F0B36C6F7A4230CA54BACE /* ConversationErrorTests.swift */,
				EDB0AD03CFF217B38FE83C21 /* ConversationImageTests.swift */,
				4C69CCB7DF6027B62311BCFF /* ConversationLayoutTests.swift */,
				7903B89A96C3E0A0D21D8C1F /* ConversationQuestionTests.swift */,
				03625FEDE5861882492083E7 /* DefaultModelTests.swift */,
				2D2F85601FC5D5503AA74410 /* FixtureLodyClientTests.swift */,
				5563DD49D0B4D7F368D4C9C3 /* HTTPLodyClientTests.swift */,
				FD856DF2F6F7F07A50E68563 /* NotificationTests.swift */,
				03A3AFC15816919A1B376129 /* OutgoingMessageTests.swift */,
				800F9A6F844A3CEEDC29A780 /* ProjectGitTests.swift */,
				3C6B283619664F5DE71E5846 /* QuickActionTests.swift */,
				E1CD7DD7EDC275A63B1AEEF3 /* SessionMetadataTests.swift */,
				A2CE92C0D2844B7F50BA0BD3 /* SessionProjectGroupTests.swift */,
				0CA1E91F9E885A098AEFBFF3 /* SessionSearchTests.swift */,
				B4648AABABDD563A6C22EA8E /* SessionTabsTests.swift */,
				6E02D0CEF5411E13D83E3B8D /* SignInTests.swift */,
				05B3AD0203F2338F8D1BCBE9 /* WorkspaceSelectionTests.swift */,
			);
			path = KurageTests;
			sourceTree = "<group>";
		};
		B8E4FBA8761FF024950429FA /* Models */ = {
			isa = PBXGroup;
			children = (
				8F82AB1C2280647F9FCE2101 /* MacAttachmentSource.swift */,
				34873C9D668B106BABD9CABB /* MacWindowState.swift */,
			);
			path = Models;
			sourceTree = "<group>";
		};
		DFA85ACD49A826BCA34621FF /* Views */ = {
			isa = PBXGroup;
			children = (
				BB3F4B2B261B91E553899B40 /* MacChangesInspector.swift */,
				13FEE5716C40E9FF35FA89E1 /* MacComposer.swift */,
				E9B1FBFFAAD48DE5E4820808 /* MacMessageEditor.swift */,
				7046E5397DBE9D5493B91527 /* MacNewSessionView.swift */,
				8904A812520B7926A82D2E9C /* MacRootView.swift */,
				A086D5ABB6BB022F0EB8CFF8 /* MacSessionView.swift */,
				2CF605F9EB59169CF466276F /* MacSidebar.swift */,
				16EAEBC0740C88B8C72A1815 /* MacTranscript.swift */,
			);
			path = Views;
			sourceTree = "<group>";
		};
		E987D242A0CEF1167D8F9DEE /* KurageUITests */ = {
			isa = PBXGroup;
			children = (
				49CC0A39128D845F09C71709 /* AdaptiveLayoutFlowTests.swift */,
				BDD892265209B29FFAD608EE /* ConversationErrorFlowTests.swift */,
				03711A34096C010D4362454C /* DefaultModelsFlowTests.swift */,
				EB9CBF5D67600758BC6F29C0 /* NotificationFlowTests.swift */,
				B09603AA87686803FEDC7688 /* QuickActionsFlowTests.swift */,
				D5921136DCB54FC4A513BACA /* SessionTabsFlowTests.swift */,
				6CB25C24C6A1733672DA6505 /* SettingsFlowTests.swift */,
				2BC76F24C9369A1E353300CC /* ShellFlowTests.swift */,
				52DC1DC09984FD2370EB47B3 /* SignInFlowTests.swift */,
				39F52F4447A649EB64999DF6 /* UserMessageSelectionTests.swift */,
			);
			path = KurageUITests;
			sourceTree = "<group>";
		};
		F9666E1C2BBA137412BDE621 /* KurageMac */ = {
			isa = PBXGroup;
			children = (
				89EEBBA749C620395F586DAC /* App */,
				B8E4FBA8761FF024950429FA /* Models */,
				DFA85ACD49A826BCA34621FF /* Views */,
				13163448B260A5400F15E8E6 /* KurageMac.entitlements */,
			);
			path = KurageMac;
			sourceTree = "<group>";
		};
		FD3F733F77DE39EA9D21F9F1 /* Features */ = {
			isa = PBXGroup;
			children = (
				17C2C17D269499AF4A93B2C3 /* Conversation */,
				33DDC15280666DDA3A90F842 /* Sessions */,
				6121B0AF0F4936A61C97F255 /* Settings */,
				1F694F2C65A87B77E8DDDBC7 /* SignIn */,
			);
			path = Features;
			sourceTree = "<group>";
		};
/* End PBXGroup section */

/* Begin PBXNativeTarget section */
		167B44F558F09706E5932901 /* KurageMacUITests */ = {
			isa = PBXNativeTarget;
			buildConfigurationList = 119A2B476A711CC8F15BD555 /* Build configuration list for PBXNativeTarget "KurageMacUITests" */;
			buildPhases = (
				81386CD63EEC7D39B23AD355 /* Sources */,
			);
			buildRules = (
			);
			dependencies = (
				246F778427F120AA312F918C /* PBXTargetDependency */,
			);
			name = KurageMacUITests;
			packageProductDependencies = (
			);
			productName = KurageMacUITests;
			productReference = 13841D61CD6149463D65E5AD /* KurageMacUITests.xctest */;
			productType = "com.apple.product-type.bundle.ui-testing";
		};
		3D7E7ACC9A8F2D169AE15003 /* KurageMac */ = {
			isa = PBXNativeTarget;
			buildConfigurationList = 5CEB8868C938886184D840D8 /* Build configuration list for PBXNativeTarget "KurageMac" */;
			buildPhases = (
				2205C4218C9386195D01F032 /* Sources */,
				FE1F8B4F3DD65B2B6FE89846 /* Frameworks */,
			);
			buildRules = (
			);
			dependencies = (
			);
			name = KurageMac;
			packageProductDependencies = (
				3BB9754F14C4D24EF339FFD1 /* KurageCore */,
				B7C165BB564F9E423A35A604 /* MarkdownView */,
			);
			productName = KurageMac;
			productReference = DAFB3870DD22B7FB124A480F /* KurageMac.app */;
			productType = "com.apple.product-type.application";
		};
		4975A6EEC4FDC645787C1FDA /* KurageMacTests */ = {
			isa = PBXNativeTarget;
			buildConfigurationList = EE5760C938C67698567C1BFA /* Build configuration list for PBXNativeTarget "KurageMacTests" */;
			buildPhases = (
				D30E64B9C76605529F60E293 /* Sources */,
				8558F7133405A5D27B60364D /* Frameworks */,
			);
			buildRules = (
			);
			dependencies = (
				D630E42965AC18A9ACD9921F /* PBXTargetDependency */,
			);
			name = KurageMacTests;
			packageProductDependencies = (
				6EB11377AAD7257A3B8722B1 /* KurageCore */,
			);
			productName = KurageMacTests;
			productReference = 9A6A498740A4668444E70992 /* KurageMacTests.xctest */;
			productType = "com.apple.product-type.bundle.unit-test";
		};
		916545DECCA9CB31B4D2CD75 /* Kurage */ = {
			isa = PBXNativeTarget;
			buildConfigurationList = 7258D20FF1D2A914AE99E5C4 /* Build configuration list for PBXNativeTarget "Kurage" */;
			buildPhases = (
				90346D40B824DFEA12785C56 /* Sources */,
				856B192AFEAB3C46B2A993E2 /* Resources */,
				1096DEE528A2B2EA2E6576B6 /* Frameworks */,
				4D254102F1496F9A7D4CABA5 /* Embed Foundation Extensions */,
			);
			buildRules = (
			);
			dependencies = (
				BC4C15BF72C3ED33C9596DDD /* PBXTargetDependency */,
			);
			name = Kurage;
			packageProductDependencies = (
				E7A30DB5B2B67E8D52878A0E /* KurageCore */,
				E19E548C83F201B3073B5E62 /* MarkdownView */,
				BFEB7B7C324D450819F3AE78 /* OneSignalFramework */,
			);
			productName = Kurage;
			productReference = D8AB4457E0D00261BF02F78D /* Kurage.app */;
			productType = "com.apple.product-type.application";
		};
		AC0473877888F75F2515FBE6 /* KurageTests */ = {
			isa = PBXNativeTarget;
			buildConfigurationList = 33974E8728C71776E7C59974 /* Build configuration list for PBXNativeTarget "KurageTests" */;
			buildPhases = (
				C87042B03C2A48A31DBE5DC5 /* Sources */,
				EC56681FB6BF9079D2A25228 /* Frameworks */,
			);
			buildRules = (
			);
			dependencies = (
				EC871511AA16ED448AB84F85 /* PBXTargetDependency */,
			);
			name = KurageTests;
			packageProductDependencies = (
				43AD549A06A80342E3AB181B /* KurageCore */,
			);
			productName = KurageTests;
			productReference = F29673DBA060CA471CBB7B12 /* KurageTests.xctest */;
			productType = "com.apple.product-type.bundle.unit-test";
		};
		E7EEEE0E3B691F4E8C5560AC /* KurageUITests */ = {
			isa = PBXNativeTarget;
			buildConfigurationList = 4EDEACB62EE10C732AF23D65 /* Build configuration list for PBXNativeTarget "KurageUITests" */;
			buildPhases = (
				48772CC97E68FB05331648A0 /* Sources */,
			);
			buildRules = (
			);
			dependencies = (
				F4753973FDF3C57EFC31665C /* PBXTargetDependency */,
			);
			name = KurageUITests;
			packageProductDependencies = (
			);
			productName = KurageUITests;
			productReference = 627DD1B873AFC4E366BF4CAF /* KurageUITests.xctest */;
			productType = "com.apple.product-type.bundle.ui-testing";
		};
		EFFA4553B74A3CE6EBD70DAB /* KurageNotificationService */ = {
			isa = PBXNativeTarget;
			buildConfigurationList = 8579BCFB0B350754B61A12CB /* Build configuration list for PBXNativeTarget "KurageNotificationService" */;
			buildPhases = (
				50317D5E612110D3DB58D7E7 /* Sources */,
				D7A895C464F0A3F2D7E864FC /* Frameworks */,
			);
			buildRules = (
			);
			dependencies = (
			);
			name = KurageNotificationService;
			packageProductDependencies = (
				D2DA0C63F0F7F6BF7F81C192 /* OneSignalExtension */,
			);
			productName = KurageNotificationService;
			productReference = B08F3E58B422A9F582E91893 /* KurageNotificationService.appex */;
			productType = "com.apple.product-type.app-extension";
		};
/* End PBXNativeTarget section */

/* Begin PBXProject section */
		DCA9EB984FDABC20A6A90413 /* Project object */ = {
			isa = PBXProject;
			attributes = {
				BuildIndependentTargetsInParallel = YES;
				LastUpgradeCheck = 1430;
				TargetAttributes = {
					167B44F558F09706E5932901 = {
						DevelopmentTeam = V6GTS74AND;
						ProvisioningStyle = Automatic;
						TestTargetID = 3D7E7ACC9A8F2D169AE15003;
					};
					3D7E7ACC9A8F2D169AE15003 = {
						DevelopmentTeam = V6GTS74AND;
						ProvisioningStyle = Automatic;
					};
					4975A6EEC4FDC645787C1FDA = {
						DevelopmentTeam = V6GTS74AND;
						ProvisioningStyle = Automatic;
					};
					916545DECCA9CB31B4D2CD75 = {
						DevelopmentTeam = V6GTS74AND;
						ProvisioningStyle = Automatic;
					};
					E7EEEE0E3B691F4E8C5560AC = {
						TestTargetID = 916545DECCA9CB31B4D2CD75;
					};
					EFFA4553B74A3CE6EBD70DAB = {
						DevelopmentTeam = V6GTS74AND;
						ProvisioningStyle = Automatic;
					};
				};
			};
			buildConfigurationList = 59D29E14E9F0B4A9D5850EE8 /* Build configuration list for PBXProject "Kurage" */;
			developmentRegion = en;
			hasScannedForEncodings = 0;
			knownRegions = (
				Base,
				en,
			);
			mainGroup = 76D81568C25B69EFE26D8E9A;
			minimizedProjectReferenceProxies = 1;
			packageReferences = (
				32DEDD68334E53E118DCE33A /* XCRemoteSwiftPackageReference "MarkdownView" */,
				AE86731C9CF07FA4875B4B42 /* XCRemoteSwiftPackageReference "OneSignal-iOS-SDK" */,
				EB3C24F27600CAE0A8435369 /* XCLocalSwiftPackageReference "Packages/KurageCore" */,
			);
			preferredProjectObjectVersion = 77;
			productRefGroup = 1950DEAE703DD1786CADF75B /* Products */;
			projectDirPath = "";
			projectRoot = "";
			targets = (
				916545DECCA9CB31B4D2CD75 /* Kurage */,
				EFFA4553B74A3CE6EBD70DAB /* KurageNotificationService */,
				AC0473877888F75F2515FBE6 /* KurageTests */,
				E7EEEE0E3B691F4E8C5560AC /* KurageUITests */,
				3D7E7ACC9A8F2D169AE15003 /* KurageMac */,
				4975A6EEC4FDC645787C1FDA /* KurageMacTests */,
				167B44F558F09706E5932901 /* KurageMacUITests */,
			);
		};
/* End PBXProject section */

/* Begin PBXResourcesBuildPhase section */
		856B192AFEAB3C46B2A993E2 /* Resources */ = {
			isa = PBXResourcesBuildPhase;
			buildActionMask = 2147483647;
			files = (
				AC5ED9D79BFC3193F858618E /* Assets.xcassets in Resources */,
				3AE24C610D1992B80F5EDA3D /* LaunchScreen.storyboard in Resources */,
				F4ACC9CDCF95795681B3FE67 /* LobeIcons-LICENSE.txt in Resources */,
				173B5EBC1F273BBE9FEC3A05 /* LobeIcons-NOTICE.txt in Resources */,
			);
			runOnlyForDeploymentPostprocessing = 0;
		};
/* End PBXResourcesBuildPhase section */

/* Begin PBXSourcesBuildPhase section */
		2205C4218C9386195D01F032 /* Sources */ = {
			isa = PBXSourcesBuildPhase;
			buildActionMask = 2147483647;
			files = (
				9D3BB548A4A81F2CD7C4809A /* KurageMacApp.swift in Sources */,
				EEB077BDA49C01A6D1787B4A /* MacAttachmentSource.swift in Sources */,
				673F8B71CE773C8C6630F673 /* MacChangesInspector.swift in Sources */,
				25AB604E4DE6F616E85E6091 /* MacComposer.swift in Sources */,
				B09305C44671ACD0BB01FCD8 /* MacMessageEditor.swift in Sources */,
				708ECDB724DED7644692177B /* MacNewSessionView.swift in Sources */,
				28C497B37072FA5C18551D7B /* MacRootView.swift in Sources */,
				E81F37EC0E3AE0396F3579DD /* MacSessionView.swift in Sources */,
				6B5C7FE014DC6816DB32C1A8 /* MacSidebar.swift in Sources */,
				483CD1B003529A733EF0EF90 /* MacTranscript.swift in Sources */,
				E2EC7F2BD24C350C5A4412FF /* MacWindowState.swift in Sources */,
			);
			runOnlyForDeploymentPostprocessing = 0;
		};
		48772CC97E68FB05331648A0 /* Sources */ = {
			isa = PBXSourcesBuildPhase;
			buildActionMask = 2147483647;
			files = (
				374BB6DA235990ADAD39C728 /* AdaptiveLayoutFlowTests.swift in Sources */,
				A8203BDA5DEAFC5678F28F1D /* ConversationErrorFlowTests.swift in Sources */,
				36485FE1F4CC82227DDB8FA7 /* DefaultModelsFlowTests.swift in Sources */,
				0C0998CE1A432AEC62D96496 /* NotificationFlowTests.swift in Sources */,
				627728FFA2DE4AFE8EDA3C57 /* QuickActionsFlowTests.swift in Sources */,
				C03092CC8B3720F717546291 /* SessionTabsFlowTests.swift in Sources */,
				8FA661DFFB9493FD0C91BFF9 /* SettingsFlowTests.swift in Sources */,
				0C663DB3711058970CAE7C5C /* ShellFlowTests.swift in Sources */,
				2C6A69AAD4625C9D8D4E1911 /* SignInFlowTests.swift in Sources */,
				4BC901017C96539CB677175A /* UserMessageSelectionTests.swift in Sources */,
			);
			runOnlyForDeploymentPostprocessing = 0;
		};
		50317D5E612110D3DB58D7E7 /* Sources */ = {
			isa = PBXSourcesBuildPhase;
			buildActionMask = 2147483647;
			files = (
				DF2F9613F4D0611C8AE09A04 /* NotificationService.swift in Sources */,
			);
			runOnlyForDeploymentPostprocessing = 0;
		};
		81386CD63EEC7D39B23AD355 /* Sources */ = {
			isa = PBXSourcesBuildPhase;
			buildActionMask = 2147483647;
			files = (
				2C8B6AFB55DE49EB7D01541F /* MacFlowTests.swift in Sources */,
			);
			runOnlyForDeploymentPostprocessing = 0;
		};
		90346D40B824DFEA12785C56 /* Sources */ = {
			isa = PBXSourcesBuildPhase;
			buildActionMask = 2147483647;
			files = (
				F08B2A353936073585BC6820 /* AboutView.swift in Sources */,
				793B17AAF276C97C07FCB005 /* AccountAvatar.swift in Sources */,
				C3F52055A2CDF24CF2E14E0D /* AppTheme.swift in Sources */,
				6592ABD6897EAD594819960F /* AppearanceSettingsView.swift in Sources */,
				97C515198A462A0117955E45 /* ArchivedSessionsView.swift in Sources */,
				E7C093957D9F6A9D50121318 /* AuthorizationBrowser.swift in Sources */,
				5F1BBE8C4F61E306AB58A0AA /* ComposerAttachments.swift in Sources */,
				8E8DF62B9A143981ADD3ACD8 /* ComposerMentions.swift in Sources */,
				A6D2FF46CA8CC8FAE03BF8CB /* ConversationChangesView.swift in Sources */,
				4BC6A977B0394B2E7A1B4433 /* ConversationErrorCard.swift in Sources */,
				660F47FDE5A3FADAFAB499B6 /* ConversationImageView.swift in Sources */,
				EA004FC38EE7E82876F98010 /* ConversationLayout.swift in Sources */,
				B458BDCF9D6B337E6913B7CA /* ConversationQuestionCard.swift in Sources */,
				401B74DA0A333A159C23A634 /* ConversationSubtasksView.swift in Sources */,
				357BCBEC79197D443B735EE1 /* ConversationTabsView.swift in Sources */,
				058871DBB96429E35F9C8C9F /* ConversationView.swift in Sources */,
				FC433B178BAFA0126DE1A0D0 /* ConversationWorkView.swift in Sources */,
				21F29D7A3DA782C60F7799AF /* DefaultModelsSettingsView.swift in Sources */,
				9DAE8CC58A1F116D4BFFAA22 /* HapticsSettingsView.swift in Sources */,
				7E484F8425F4B58EF5AF6FED /* KurageApp.swift in Sources */,
				E76D66B895E55F36E4C4A198 /* LaunchCoverView.swift in Sources */,
				7C3ED78FA7C1113A1D387EEA /* MentionText.swift in Sources */,
				4B475F121BD9B075FDD05AC0 /* NewSessionView.swift in Sources */,
				F2FB166F16323DB7B77E9C0B /* NotificationSettingsView.swift in Sources */,
				DB44B23855E90D697C75452D /* OneSignalNotificationService.swift in Sources */,
				B82AEEFC5C19DCFBDCEF6B38 /* ProjectBranchRow.swift in Sources */,
				1481323389133B68B405152A /* QuickActionsSettingsView.swift in Sources */,
				0F053915F622E9053573833C /* QuickActionsView.swift in Sources */,
				E610F04E9116BF949CD86F67 /* RootView.swift in Sources */,
				631BD465A3EDA0F542CB06CC /* SessionActions.swift in Sources */,
				E2FAA4C9BB027013F9DEE334 /* SessionComposer.swift in Sources */,
				C614E10AF67B279394205AED /* SessionListView.swift in Sources */,
				7FB5A3A2867FFA5EF3E091CD /* SessionProjectGroup.swift in Sources */,
				AEB3BBDF3678B7A48630E01D /* SessionProjectPicker.swift in Sources */,
				EA65E2F70800ECD9D895826B /* SettingsView.swift in Sources */,
				4B101D516DBF7D560AA710F6 /* SignInView.swift in Sources */,
				36A47666D86EC3CEA0817A81 /* UserMessageText.swift in Sources */,
				417F01C3AEB7306AA1A3B7B8 /* WorkspacePickerView.swift in Sources */,
			);
			runOnlyForDeploymentPostprocessing = 0;
		};
		C87042B03C2A48A31DBE5DC5 /* Sources */ = {
			isa = PBXSourcesBuildPhase;
			buildActionMask = 2147483647;
			files = (
				0CF5D421D7F018861F917B9B /* ComposerMentionsTests.swift in Sources */,
				1F1BBE369FF36F6B450F5B9D /* ConversationChangesTests.swift in Sources */,
				B8EF0CB65C4109EABFF87B55 /* ConversationErrorTests.swift in Sources */,
				C260EC8C0275502F582D4FE4 /* ConversationImageTests.swift in Sources */,
				202F8979458138C533AD6081 /* ConversationLayoutTests.swift in Sources */,
				9B10551437F89D49FCE2B4C3 /* ConversationQuestionTests.swift in Sources */,
				A66F5D1B344E993BB6FC0C52 /* DefaultModelTests.swift in Sources */,
				B25EADF2483C19E57FBFC439 /* FixtureLodyClientTests.swift in Sources */,
				E95CD1A7C5C0D6F6D0C799A4 /* HTTPLodyClientTests.swift in Sources */,
				AAEDCFA3378D9106D39367BB /* NotificationTests.swift in Sources */,
				3BF139DE4510CCC4A72F4E9F /* OutgoingMessageTests.swift in Sources */,
				DD1B41F3673C97F1791C0435 /* ProjectGitTests.swift in Sources */,
				18C89BEED47818C8D2D66313 /* QuickActionTests.swift in Sources */,
				617C98A6547E19F77D7D0F2B /* SessionMetadataTests.swift in Sources */,
				835FC85AEDA614A2E7D93F9D /* SessionProjectGroupTests.swift in Sources */,
				CC3A5456BA66D60A2A00A65C /* SessionSearchTests.swift in Sources */,
				F147BA09F273F0B35A5CF7A5 /* SessionTabsTests.swift in Sources */,
				A623FD39CBAE3F01F7779351 /* SignInTests.swift in Sources */,
				CF349598601956A92CD49E89 /* WorkspaceSelectionTests.swift in Sources */,
			);
			runOnlyForDeploymentPostprocessing = 0;
		};
		D30E64B9C76605529F60E293 /* Sources */ = {
			isa = PBXSourcesBuildPhase;
			buildActionMask = 2147483647;
			files = (
				B7F8D8522DD150FD399C188E /* MacClientTests.swift in Sources */,
			);
			runOnlyForDeploymentPostprocessing = 0;
		};
/* End PBXSourcesBuildPhase section */

/* Begin PBXTargetDependency section */
		246F778427F120AA312F918C /* PBXTargetDependency */ = {
			isa = PBXTargetDependency;
			target = 3D7E7ACC9A8F2D169AE15003 /* KurageMac */;
			targetProxy = ED1A20CE0FDCD9CD9A7E5172 /* PBXContainerItemProxy */;
		};
		BC4C15BF72C3ED33C9596DDD /* PBXTargetDependency */ = {
			isa = PBXTargetDependency;
			target = EFFA4553B74A3CE6EBD70DAB /* KurageNotificationService */;
			targetProxy = 92D1F1A0DA822156D16B3F80 /* PBXContainerItemProxy */;
		};
		D630E42965AC18A9ACD9921F /* PBXTargetDependency */ = {
			isa = PBXTargetDependency;
			target = 3D7E7ACC9A8F2D169AE15003 /* KurageMac */;
			targetProxy = 2A6C3D6489191032EE0ED60A /* PBXContainerItemProxy */;
		};
		EC871511AA16ED448AB84F85 /* PBXTargetDependency */ = {
			isa = PBXTargetDependency;
			target = 916545DECCA9CB31B4D2CD75 /* Kurage */;
			targetProxy = 1CFAF6DBC42B9D28C0009A85 /* PBXContainerItemProxy */;
		};
		F4753973FDF3C57EFC31665C /* PBXTargetDependency */ = {
			isa = PBXTargetDependency;
			target = 916545DECCA9CB31B4D2CD75 /* Kurage */;
			targetProxy = 5188644AAB4D2874E4279D1F /* PBXContainerItemProxy */;
		};
/* End PBXTargetDependency section */

/* Begin XCBuildConfiguration section */
		0051F96817EDF71830AF95B5 /* Debug */ = {
			isa = XCBuildConfiguration;
			buildSettings = {
				APS_ENVIRONMENT = development;
				ASSETCATALOG_COMPILER_APPICON_NAME = AppIcon;
				CODE_SIGN_ENTITLEMENTS = KurageApp/Kurage.entitlements;
				CODE_SIGN_IDENTITY = "iPhone Developer";
				CODE_SIGN_STYLE = Automatic;
				CURRENT_PROJECT_VERSION = 13;
				DEVELOPMENT_TEAM = V6GTS74AND;
				ENABLE_PREVIEWS = YES;
				ENABLE_TESTABILITY = YES;
				GENERATE_INFOPLIST_FILE = YES;
				INFOPLIST_FILE = KurageApp/Info.plist;
				INFOPLIST_KEY_CFBundleDisplayName = Kurage;
				INFOPLIST_KEY_NSCameraUsageDescription = "Take photos to attach to your messages.";
				INFOPLIST_KEY_UILaunchStoryboardName = LaunchScreen;
				INFOPLIST_KEY_UISupportedInterfaceOrientations = UIInterfaceOrientationPortrait;
				INFOPLIST_KEY_UISupportedInterfaceOrientations_iPad = "UIInterfaceOrientationPortrait UIInterfaceOrientationPortraitUpsideDown UIInterfaceOrientationLandscapeLeft UIInterfaceOrientationLandscapeRight";
				KURAGE_ONESIGNAL_APP_ID = "199f71a9-c5a2-42c9-ac88-4b8b7593b06f";
				LD_RUNPATH_SEARCH_PATHS = (
					"$(inherited)",
					"@executable_path/Frameworks",
				);
				MARKETING_VERSION = 0.4.2;
				PRODUCT_BUNDLE_IDENTIFIER = com.spike.kurage;
				PRODUCT_MODULE_NAME = Kurage;
				PRODUCT_NAME = Kurage;
				SDKROOT = iphoneos;
				TARGETED_DEVICE_FAMILY = "1,2";
			};
			name = Debug;
		};
		0357486501CFF8A567037ABF /* Release */ = {
			isa = XCBuildConfiguration;
			buildSettings = {
				BUNDLE_LOADER = "$(TEST_HOST)";
				CODE_SIGN_STYLE = Automatic;
				COMBINE_HIDPI_IMAGES = YES;
				DEVELOPMENT_TEAM = V6GTS74AND;
				GENERATE_INFOPLIST_FILE = YES;
				LD_RUNPATH_SEARCH_PATHS = (
					"$(inherited)",
					"@executable_path/Frameworks",
					"@loader_path/Frameworks",
				);
				MACOSX_DEPLOYMENT_TARGET = 26.0;
				PRODUCT_BUNDLE_IDENTIFIER = com.spike.kurage.macos.uitests;
				SDKROOT = macosx;
				TEST_TARGET_NAME = KurageMac;
			};
			name = Release;
		};
		19634B045F371C4EA6AF2F0A /* Release */ = {
			isa = XCBuildConfiguration;
			buildSettings = {
				BUNDLE_LOADER = "$(TEST_HOST)";
				CODE_SIGN_STYLE = Automatic;
				COMBINE_HIDPI_IMAGES = YES;
				DEVELOPMENT_TEAM = V6GTS74AND;
				GENERATE_INFOPLIST_FILE = YES;
				LD_RUNPATH_SEARCH_PATHS = (
					"$(inherited)",
					"@executable_path/../Frameworks",
					"@loader_path/../Frameworks",
				);
				MACOSX_DEPLOYMENT_TARGET = 26.0;
				PRODUCT_BUNDLE_IDENTIFIER = com.spike.kurage.macos.tests;
				SDKROOT = macosx;
				TEST_HOST = "$(BUILT_PRODUCTS_DIR)/KurageMac.app/Contents/MacOS/KurageMac";
			};
			name = Release;
		};
		2C06B0680F543C964CF4EC54 /* Debug */ = {
			isa = XCBuildConfiguration;
			buildSettings = {
				APPLICATION_EXTENSION_API_ONLY = YES;
				CODE_SIGN_ENTITLEMENTS = KurageNotificationService/KurageNotificationService.entitlements;
				CODE_SIGN_STYLE = Automatic;
				CURRENT_PROJECT_VERSION = 13;
				DEVELOPMENT_TEAM = V6GTS74AND;
				INFOPLIST_FILE = KurageNotificationService/Info.plist;
				LD_RUNPATH_SEARCH_PATHS = (
					"$(inherited)",
					"@executable_path/Frameworks",
					"@executable_path/../../Frameworks",
				);
				MARKETING_VERSION = 0.4.2;
				PRODUCT_BUNDLE_IDENTIFIER = "com.spike.kurage.notification-service";
				SDKROOT = iphoneos;
				SKIP_INSTALL = YES;
				TARGETED_DEVICE_FAMILY = "1,2";
			};
			name = Debug;
		};
		302BA21FDC655A992D4BD058 /* Release */ = {
			isa = XCBuildConfiguration;
			buildSettings = {
				APPLICATION_EXTENSION_API_ONLY = YES;
				CODE_SIGN_ENTITLEMENTS = KurageNotificationService/KurageNotificationService.entitlements;
				CODE_SIGN_STYLE = Automatic;
				CURRENT_PROJECT_VERSION = 13;
				DEVELOPMENT_TEAM = V6GTS74AND;
				INFOPLIST_FILE = KurageNotificationService/Info.plist;
				LD_RUNPATH_SEARCH_PATHS = (
					"$(inherited)",
					"@executable_path/Frameworks",
					"@executable_path/../../Frameworks",
				);
				MARKETING_VERSION = 0.4.2;
				PRODUCT_BUNDLE_IDENTIFIER = "com.spike.kurage.notification-service";
				SDKROOT = iphoneos;
				SKIP_INSTALL = YES;
				TARGETED_DEVICE_FAMILY = "1,2";
			};
			name = Release;
		};
		4DF819F88C9864178716E25E /* Debug */ = {
			isa = XCBuildConfiguration;
			buildSettings = {
				BUNDLE_LOADER = "$(TEST_HOST)";
				CODE_SIGN_STYLE = Automatic;
				COMBINE_HIDPI_IMAGES = YES;
				DEVELOPMENT_TEAM = V6GTS74AND;
				GENERATE_INFOPLIST_FILE = YES;
				LD_RUNPATH_SEARCH_PATHS = (
					"$(inherited)",
					"@executable_path/Frameworks",
					"@loader_path/Frameworks",
				);
				MACOSX_DEPLOYMENT_TARGET = 26.0;
				PRODUCT_BUNDLE_IDENTIFIER = com.spike.kurage.macos.uitests;
				SDKROOT = macosx;
				TEST_TARGET_NAME = KurageMac;
			};
			name = Debug;
		};
		5A45467485656C2E813DD5EA /* Release */ = {
			isa = XCBuildConfiguration;
			buildSettings = {
				APS_ENVIRONMENT = production;
				ASSETCATALOG_COMPILER_APPICON_NAME = AppIcon;
				CODE_SIGN_ENTITLEMENTS = KurageApp/Kurage.entitlements;
				CODE_SIGN_IDENTITY = "iPhone Developer";
				CODE_SIGN_STYLE = Automatic;
				CURRENT_PROJECT_VERSION = 13;
				DEVELOPMENT_TEAM = V6GTS74AND;
				ENABLE_PREVIEWS = YES;
				GENERATE_INFOPLIST_FILE = YES;
				INFOPLIST_FILE = KurageApp/Info.plist;
				INFOPLIST_KEY_CFBundleDisplayName = Kurage;
				INFOPLIST_KEY_NSCameraUsageDescription = "Take photos to attach to your messages.";
				INFOPLIST_KEY_UILaunchStoryboardName = LaunchScreen;
				INFOPLIST_KEY_UISupportedInterfaceOrientations = UIInterfaceOrientationPortrait;
				INFOPLIST_KEY_UISupportedInterfaceOrientations_iPad = "UIInterfaceOrientationPortrait UIInterfaceOrientationPortraitUpsideDown UIInterfaceOrientationLandscapeLeft UIInterfaceOrientationLandscapeRight";
				KURAGE_ONESIGNAL_APP_ID = "199f71a9-c5a2-42c9-ac88-4b8b7593b06f";
				LD_RUNPATH_SEARCH_PATHS = (
					"$(inherited)",
					"@executable_path/Frameworks",
				);
				MARKETING_VERSION = 0.4.2;
				PRODUCT_BUNDLE_IDENTIFIER = com.spike.kurage;
				PRODUCT_MODULE_NAME = Kurage;
				PRODUCT_NAME = Kurage;
				SDKROOT = iphoneos;
				TARGETED_DEVICE_FAMILY = "1,2";
			};
			name = Release;
		};
		6FC63EE66E661E17927FAE4C /* Debug */ = {
			isa = XCBuildConfiguration;
			buildSettings = {
				BUNDLE_LOADER = "$(TEST_HOST)";
				GENERATE_INFOPLIST_FILE = YES;
				LD_RUNPATH_SEARCH_PATHS = (
					"$(inherited)",
					"@executable_path/Frameworks",
					"@loader_path/Frameworks",
				);
				PRODUCT_BUNDLE_IDENTIFIER = com.spike.kurage.uitests;
				SDKROOT = iphoneos;
				TARGETED_DEVICE_FAMILY = "1,2";
				TEST_TARGET_NAME = Kurage;
			};
			name = Debug;
		};
		70ECA468097EEA5A2AC6A630 /* Release */ = {
			isa = XCBuildConfiguration;
			buildSettings = {
				BUNDLE_LOADER = "$(TEST_HOST)";
				GENERATE_INFOPLIST_FILE = YES;
				LD_RUNPATH_SEARCH_PATHS = (
					"$(inherited)",
					"@executable_path/Frameworks",
					"@loader_path/Frameworks",
				);
				PRODUCT_BUNDLE_IDENTIFIER = com.spike.kurage.tests;
				SDKROOT = iphoneos;
				TARGETED_DEVICE_FAMILY = "1,2";
				TEST_HOST = "$(BUILT_PRODUCTS_DIR)/Kurage.app/Kurage";
			};
			name = Release;
		};
		8224E6674DAA81C66E0C4A8E /* Debug */ = {
			isa = XCBuildConfiguration;
			buildSettings = {
				ALWAYS_SEARCH_USER_PATHS = NO;
				CLANG_ANALYZER_NONNULL = YES;
				CLANG_ANALYZER_NUMBER_OBJECT_CONVERSION = YES_AGGRESSIVE;
				CLANG_CXX_LANGUAGE_STANDARD = "gnu++14";
				CLANG_CXX_LIBRARY = "libc++";
				CLANG_ENABLE_MODULES = YES;
				CLANG_ENABLE_OBJC_ARC = YES;
				CLANG_ENABLE_OBJC_WEAK = YES;
				CLANG_WARN_BLOCK_CAPTURE_AUTORELEASING = YES;
				CLANG_WARN_BOOL_CONVERSION = YES;
				CLANG_WARN_COMMA = YES;
				CLANG_WARN_CONSTANT_CONVERSION = YES;
				CLANG_WARN_DEPRECATED_OBJC_IMPLEMENTATIONS = YES;
				CLANG_WARN_DIRECT_OBJC_ISA_USAGE = YES_ERROR;
				CLANG_WARN_DOCUMENTATION_COMMENTS = YES;
				CLANG_WARN_EMPTY_BODY = YES;
				CLANG_WARN_ENUM_CONVERSION = YES;
				CLANG_WARN_INFINITE_RECURSION = YES;
				CLANG_WARN_INT_CONVERSION = YES;
				CLANG_WARN_NON_LITERAL_NULL_CONVERSION = YES;
				CLANG_WARN_OBJC_IMPLICIT_RETAIN_SELF = YES;
				CLANG_WARN_OBJC_LITERAL_CONVERSION = YES;
				CLANG_WARN_OBJC_ROOT_CLASS = YES_ERROR;
				CLANG_WARN_QUOTED_INCLUDE_IN_FRAMEWORK_HEADER = YES;
				CLANG_WARN_RANGE_LOOP_ANALYSIS = YES;
				CLANG_WARN_STRICT_PROTOTYPES = YES;
				CLANG_WARN_SUSPICIOUS_MOVE = YES;
				CLANG_WARN_UNGUARDED_AVAILABILITY = YES_AGGRESSIVE;
				CLANG_WARN_UNREACHABLE_CODE = YES;
				CLANG_WARN__DUPLICATE_METHOD_MATCH = YES;
				COPY_PHASE_STRIP = NO;
				DEBUG_INFORMATION_FORMAT = dwarf;
				ENABLE_STRICT_OBJC_MSGSEND = YES;
				ENABLE_TESTABILITY = YES;
				ENABLE_USER_SCRIPT_SANDBOXING = YES;
				GCC_C_LANGUAGE_STANDARD = gnu11;
				GCC_DYNAMIC_NO_PIC = NO;
				GCC_NO_COMMON_BLOCKS = YES;
				GCC_OPTIMIZATION_LEVEL = 0;
				GCC_PREPROCESSOR_DEFINITIONS = (
					"$(inherited)",
					"DEBUG=1",
				);
				GCC_WARN_64_TO_32_BIT_CONVERSION = YES;
				GCC_WARN_ABOUT_RETURN_TYPE = YES_ERROR;
				GCC_WARN_UNDECLARED_SELECTOR = YES;
				GCC_WARN_UNINITIALIZED_AUTOS = YES_AGGRESSIVE;
				GCC_WARN_UNUSED_FUNCTION = YES;
				GCC_WARN_UNUSED_VARIABLE = YES;
				IPHONEOS_DEPLOYMENT_TARGET = 26.0;
				MTL_ENABLE_DEBUG_INFO = INCLUDE_SOURCE;
				MTL_FAST_MATH = YES;
				ONLY_ACTIVE_ARCH = YES;
				PRODUCT_NAME = "$(TARGET_NAME)";
				SWIFT_ACTIVE_COMPILATION_CONDITIONS = DEBUG;
				SWIFT_OPTIMIZATION_LEVEL = "-Onone";
				SWIFT_STRICT_CONCURRENCY = complete;
				SWIFT_VERSION = 6.0;
				TARGETED_DEVICE_FAMILY = "1,2";
			};
			name = Debug;
		};
		8F4737411B7EE1F16A8F7DB4 /* Debug */ = {
			isa = XCBuildConfiguration;
			buildSettings = {
				BUNDLE_LOADER = "$(TEST_HOST)";
				GENERATE_INFOPLIST_FILE = YES;
				LD_RUNPATH_SEARCH_PATHS = (
					"$(inherited)",
					"@executable_path/Frameworks",
					"@loader_path/Frameworks",
				);
				PRODUCT_BUNDLE_IDENTIFIER = com.spike.kurage.tests;
				SDKROOT = iphoneos;
				TARGETED_DEVICE_FAMILY = "1,2";
				TEST_HOST = "$(BUILT_PRODUCTS_DIR)/Kurage.app/Kurage";
			};
			name = Debug;
		};
		95DE9238791F19000EE36F68 /* Release */ = {
			isa = XCBuildConfiguration;
			buildSettings = {
				BUNDLE_LOADER = "$(TEST_HOST)";
				GENERATE_INFOPLIST_FILE = YES;
				LD_RUNPATH_SEARCH_PATHS = (
					"$(inherited)",
					"@executable_path/Frameworks",
					"@loader_path/Frameworks",
				);
				PRODUCT_BUNDLE_IDENTIFIER = com.spike.kurage.uitests;
				SDKROOT = iphoneos;
				TARGETED_DEVICE_FAMILY = "1,2";
				TEST_TARGET_NAME = Kurage;
			};
			name = Release;
		};
		9877FDBF8256E33FD665E0E8 /* Debug */ = {
			isa = XCBuildConfiguration;
			buildSettings = {
				BUNDLE_LOADER = "$(TEST_HOST)";
				CODE_SIGN_STYLE = Automatic;
				COMBINE_HIDPI_IMAGES = YES;
				DEVELOPMENT_TEAM = V6GTS74AND;
				GENERATE_INFOPLIST_FILE = YES;
				LD_RUNPATH_SEARCH_PATHS = (
					"$(inherited)",
					"@executable_path/../Frameworks",
					"@loader_path/../Frameworks",
				);
				MACOSX_DEPLOYMENT_TARGET = 26.0;
				PRODUCT_BUNDLE_IDENTIFIER = com.spike.kurage.macos.tests;
				SDKROOT = macosx;
				TEST_HOST = "$(BUILT_PRODUCTS_DIR)/KurageMac.app/Contents/MacOS/KurageMac";
			};
			name = Debug;
		};
		A739AC07AA78E99A1A54717D /* Release */ = {
			isa = XCBuildConfiguration;
			buildSettings = {
				ASSETCATALOG_COMPILER_APPICON_NAME = AppIcon;
				CODE_SIGN_ENTITLEMENTS = KurageMac/KurageMac.entitlements;
				CODE_SIGN_STYLE = Automatic;
				COMBINE_HIDPI_IMAGES = YES;
				CURRENT_PROJECT_VERSION = 1;
				DEVELOPMENT_TEAM = V6GTS74AND;
				ENABLE_APP_SANDBOX = YES;
				ENABLE_HARDENED_RUNTIME = YES;
				ENABLE_PREVIEWS = YES;
				GENERATE_INFOPLIST_FILE = YES;
				INFOPLIST_KEY_CFBundleDisplayName = Kurage;
				LD_RUNPATH_SEARCH_PATHS = (
					"$(inherited)",
					"@executable_path/../Frameworks",
				);
				MACOSX_DEPLOYMENT_TARGET = 26.0;
				MARKETING_VERSION = 0.1.0;
				PRODUCT_BUNDLE_IDENTIFIER = com.spike.kurage.macos;
				PRODUCT_NAME = KurageMac;
				SDKROOT = macosx;
			};
			name = Release;
		};
		D8B9EA50B93989D2ED53E447 /* Release */ = {
			isa = XCBuildConfiguration;
			buildSettings = {
				ALWAYS_SEARCH_USER_PATHS = NO;
				CLANG_ANALYZER_NONNULL = YES;
				CLANG_ANALYZER_NUMBER_OBJECT_CONVERSION = YES_AGGRESSIVE;
				CLANG_CXX_LANGUAGE_STANDARD = "gnu++14";
				CLANG_CXX_LIBRARY = "libc++";
				CLANG_ENABLE_MODULES = YES;
				CLANG_ENABLE_OBJC_ARC = YES;
				CLANG_ENABLE_OBJC_WEAK = YES;
				CLANG_WARN_BLOCK_CAPTURE_AUTORELEASING = YES;
				CLANG_WARN_BOOL_CONVERSION = YES;
				CLANG_WARN_COMMA = YES;
				CLANG_WARN_CONSTANT_CONVERSION = YES;
				CLANG_WARN_DEPRECATED_OBJC_IMPLEMENTATIONS = YES;
				CLANG_WARN_DIRECT_OBJC_ISA_USAGE = YES_ERROR;
				CLANG_WARN_DOCUMENTATION_COMMENTS = YES;
				CLANG_WARN_EMPTY_BODY = YES;
				CLANG_WARN_ENUM_CONVERSION = YES;
				CLANG_WARN_INFINITE_RECURSION = YES;
				CLANG_WARN_INT_CONVERSION = YES;
				CLANG_WARN_NON_LITERAL_NULL_CONVERSION = YES;
				CLANG_WARN_OBJC_IMPLICIT_RETAIN_SELF = YES;
				CLANG_WARN_OBJC_LITERAL_CONVERSION = YES;
				CLANG_WARN_OBJC_ROOT_CLASS = YES_ERROR;
				CLANG_WARN_QUOTED_INCLUDE_IN_FRAMEWORK_HEADER = YES;
				CLANG_WARN_RANGE_LOOP_ANALYSIS = YES;
				CLANG_WARN_STRICT_PROTOTYPES = YES;
				CLANG_WARN_SUSPICIOUS_MOVE = YES;
				CLANG_WARN_UNGUARDED_AVAILABILITY = YES_AGGRESSIVE;
				CLANG_WARN_UNREACHABLE_CODE = YES;
				CLANG_WARN__DUPLICATE_METHOD_MATCH = YES;
				COPY_PHASE_STRIP = NO;
				DEBUG_INFORMATION_FORMAT = "dwarf-with-dsym";
				ENABLE_NS_ASSERTIONS = NO;
				ENABLE_STRICT_OBJC_MSGSEND = YES;
				ENABLE_USER_SCRIPT_SANDBOXING = YES;
				GCC_C_LANGUAGE_STANDARD = gnu11;
				GCC_NO_COMMON_BLOCKS = YES;
				GCC_WARN_64_TO_32_BIT_CONVERSION = YES;
				GCC_WARN_ABOUT_RETURN_TYPE = YES_ERROR;
				GCC_WARN_UNDECLARED_SELECTOR = YES;
				GCC_WARN_UNINITIALIZED_AUTOS = YES_AGGRESSIVE;
				GCC_WARN_UNUSED_FUNCTION = YES;
				GCC_WARN_UNUSED_VARIABLE = YES;
				IPHONEOS_DEPLOYMENT_TARGET = 26.0;
				MTL_ENABLE_DEBUG_INFO = NO;
				MTL_FAST_MATH = YES;
				PRODUCT_NAME = "$(TARGET_NAME)";
				SWIFT_COMPILATION_MODE = wholemodule;
				SWIFT_OPTIMIZATION_LEVEL = "-O";
				SWIFT_STRICT_CONCURRENCY = complete;
				SWIFT_VERSION = 6.0;
				TARGETED_DEVICE_FAMILY = "1,2";
			};
			name = Release;
		};
		E1132AC9C40654859F7B2F31 /* Debug */ = {
			isa = XCBuildConfiguration;
			buildSettings = {
				ASSETCATALOG_COMPILER_APPICON_NAME = AppIcon;
				CODE_SIGN_ENTITLEMENTS = KurageMac/KurageMac.entitlements;
				CODE_SIGN_STYLE = Automatic;
				COMBINE_HIDPI_IMAGES = YES;
				CURRENT_PROJECT_VERSION = 1;
				DEVELOPMENT_TEAM = V6GTS74AND;
				ENABLE_APP_SANDBOX = YES;
				ENABLE_HARDENED_RUNTIME = YES;
				ENABLE_PREVIEWS = YES;
				GENERATE_INFOPLIST_FILE = YES;
				INFOPLIST_KEY_CFBundleDisplayName = Kurage;
				LD_RUNPATH_SEARCH_PATHS = (
					"$(inherited)",
					"@executable_path/../Frameworks",
				);
				MACOSX_DEPLOYMENT_TARGET = 26.0;
				MARKETING_VERSION = 0.1.0;
				PRODUCT_BUNDLE_IDENTIFIER = com.spike.kurage.macos;
				PRODUCT_NAME = KurageMac;
				SDKROOT = macosx;
			};
			name = Debug;
		};
/* End XCBuildConfiguration section */

/* Begin XCConfigurationList section */
		119A2B476A711CC8F15BD555 /* Build configuration list for PBXNativeTarget "KurageMacUITests" */ = {
			isa = XCConfigurationList;
			buildConfigurations = (
				4DF819F88C9864178716E25E /* Debug */,
				0357486501CFF8A567037ABF /* Release */,
			);
			defaultConfigurationIsVisible = 0;
			defaultConfigurationName = Debug;
		};
		33974E8728C71776E7C59974 /* Build configuration list for PBXNativeTarget "KurageTests" */ = {
			isa = XCConfigurationList;
			buildConfigurations = (
				8F4737411B7EE1F16A8F7DB4 /* Debug */,
				70ECA468097EEA5A2AC6A630 /* Release */,
			);
			defaultConfigurationIsVisible = 0;
			defaultConfigurationName = Debug;
		};
		4EDEACB62EE10C732AF23D65 /* Build configuration list for PBXNativeTarget "KurageUITests" */ = {
			isa = XCConfigurationList;
			buildConfigurations = (
				6FC63EE66E661E17927FAE4C /* Debug */,
				95DE9238791F19000EE36F68 /* Release */,
			);
			defaultConfigurationIsVisible = 0;
			defaultConfigurationName = Debug;
		};
		59D29E14E9F0B4A9D5850EE8 /* Build configuration list for PBXProject "Kurage" */ = {
			isa = XCConfigurationList;
			buildConfigurations = (
				8224E6674DAA81C66E0C4A8E /* Debug */,
				D8B9EA50B93989D2ED53E447 /* Release */,
			);
			defaultConfigurationIsVisible = 0;
			defaultConfigurationName = Debug;
		};
		5CEB8868C938886184D840D8 /* Build configuration list for PBXNativeTarget "KurageMac" */ = {
			isa = XCConfigurationList;
			buildConfigurations = (
				E1132AC9C40654859F7B2F31 /* Debug */,
				A739AC07AA78E99A1A54717D /* Release */,
			);
			defaultConfigurationIsVisible = 0;
			defaultConfigurationName = Debug;
		};
		7258D20FF1D2A914AE99E5C4 /* Build configuration list for PBXNativeTarget "Kurage" */ = {
			isa = XCConfigurationList;
			buildConfigurations = (
				0051F96817EDF71830AF95B5 /* Debug */,
				5A45467485656C2E813DD5EA /* Release */,
			);
			defaultConfigurationIsVisible = 0;
			defaultConfigurationName = Debug;
		};
		8579BCFB0B350754B61A12CB /* Build configuration list for PBXNativeTarget "KurageNotificationService" */ = {
			isa = XCConfigurationList;
			buildConfigurations = (
				2C06B0680F543C964CF4EC54 /* Debug */,
				302BA21FDC655A992D4BD058 /* Release */,
			);
			defaultConfigurationIsVisible = 0;
			defaultConfigurationName = Debug;
		};
		EE5760C938C67698567C1BFA /* Build configuration list for PBXNativeTarget "KurageMacTests" */ = {
			isa = XCConfigurationList;
			buildConfigurations = (
				9877FDBF8256E33FD665E0E8 /* Debug */,
				19634B045F371C4EA6AF2F0A /* Release */,
			);
			defaultConfigurationIsVisible = 0;
			defaultConfigurationName = Debug;
		};
/* End XCConfigurationList section */

/* Begin XCLocalSwiftPackageReference section */
		EB3C24F27600CAE0A8435369 /* XCLocalSwiftPackageReference "Packages/KurageCore" */ = {
			isa = XCLocalSwiftPackageReference;
			relativePath = Packages/KurageCore;
		};
/* End XCLocalSwiftPackageReference section */

/* Begin XCRemoteSwiftPackageReference section */
		32DEDD68334E53E118DCE33A /* XCRemoteSwiftPackageReference "MarkdownView" */ = {
			isa = XCRemoteSwiftPackageReference;
			repositoryURL = "https://github.com/natsustan/MarkdownView.git";
			requirement = {
				kind = revision;
				revision = 39166ee72f79d61c00065544bf3b4938f084cef6;
			};
		};
		AE86731C9CF07FA4875B4B42 /* XCRemoteSwiftPackageReference "OneSignal-iOS-SDK" */ = {
			isa = XCRemoteSwiftPackageReference;
			repositoryURL = "https://github.com/OneSignal/OneSignal-iOS-SDK.git";
			requirement = {
				kind = exactVersion;
				version = 5.5.1;
			};
		};
/* End XCRemoteSwiftPackageReference section */

/* Begin XCSwiftPackageProductDependency section */
		3BB9754F14C4D24EF339FFD1 /* KurageCore */ = {
			isa = XCSwiftPackageProductDependency;
			productName = KurageCore;
		};
		43AD549A06A80342E3AB181B /* KurageCore */ = {
			isa = XCSwiftPackageProductDependency;
			productName = KurageCore;
		};
		6EB11377AAD7257A3B8722B1 /* KurageCore */ = {
			isa = XCSwiftPackageProductDependency;
			productName = KurageCore;
		};
		B7C165BB564F9E423A35A604 /* MarkdownView */ = {
			isa = XCSwiftPackageProductDependency;
			package = 32DEDD68334E53E118DCE33A /* XCRemoteSwiftPackageReference "MarkdownView" */;
			productName = MarkdownView;
		};
		BFEB7B7C324D450819F3AE78 /* OneSignalFramework */ = {
			isa = XCSwiftPackageProductDependency;
			package = AE86731C9CF07FA4875B4B42 /* XCRemoteSwiftPackageReference "OneSignal-iOS-SDK" */;
			productName = OneSignalFramework;
		};
		D2DA0C63F0F7F6BF7F81C192 /* OneSignalExtension */ = {
			isa = XCSwiftPackageProductDependency;
			package = AE86731C9CF07FA4875B4B42 /* XCRemoteSwiftPackageReference "OneSignal-iOS-SDK" */;
			productName = OneSignalExtension;
		};
		E19E548C83F201B3073B5E62 /* MarkdownView */ = {
			isa = XCSwiftPackageProductDependency;
			package = 32DEDD68334E53E118DCE33A /* XCRemoteSwiftPackageReference "MarkdownView" */;
			productName = MarkdownView;
		};
		E7A30DB5B2B67E8D52878A0E /* KurageCore */ = {
			isa = XCSwiftPackageProductDependency;
			productName = KurageCore;
		};
/* End XCSwiftPackageProductDependency section */
	};
	rootObject = DCA9EB984FDABC20A6A90413 /* Project object */;
}
